// !$*UTF8*$!
{
	archiveVersion = 1;
	classes = {
	};
	objectVersion = 50;
	objects = {

/* Begin PBXBuildFile section */
		04A053EB24138F22007BFBF3 /* AppDelegate.swift in Sources */ = {isa = PBXBuildFile; fileRef = 04A053EA24138F22007BFBF3 /* AppDelegate.swift */; };
		04A053ED24138F22007BFBF3 /* SceneDelegate.swift in Sources */ = {isa = PBXBuildFile; fileRef = 04A053EC24138F22007BFBF3 /* SceneDelegate.swift */; };
		04A053EF24138F22007BFBF3 /* ViewController.swift in Sources */ = {isa = PBXBuildFile; fileRef = 04A053EE24138F22007BFBF3 /* ViewController.swift */; };
		04A053F224138F22007BFBF3 /* Main.storyboard in Resources */ = {isa = PBXBuildFile; fileRef = 04A053F024138F22007BFBF3 /* Main.storyboard */; };
		04A053F724138F22007BFBF3 /* LaunchScreen.storyboard in Resources */ = {isa = PBXBuildFile; fileRef = 04A053F524138F22007BFBF3 /* LaunchScreen.storyboard */; };
		04A0540224138F23007BFBF3 /* FactoryDemoTests.swift in Sources */ = {isa = PBXBuildFile; fileRef = 04A0540124138F23007BFBF3 /* FactoryDemoTests.swift */; };
		04A0540D24138F23007BFBF3 /* FactoryDemoUITests.swift in Sources */ = {isa = PBXBuildFile; fileRef = 04A0540C24138F23007BFBF3 /* FactoryDemoUITests.swift */; };
		04A0541B24138FA1007BFBF3 /* MouseFac.swift in Sources */ = {isa = PBXBuildFile; fileRef = 04A0541A24138FA1007BFBF3 /* MouseFac.swift */; };
		04A0541D24138FD8007BFBF3 /* DellMouseFac.swift in Sources */ = {isa = PBXBuildFile; fileRef = 04A0541C24138FD8007BFBF3 /* DellMouseFac.swift */; };
		04A0541F24138FE8007BFBF3 /* HPMouseFac.swift in Sources */ = {isa = PBXBuildFile; fileRef = 04A0541E24138FE8007BFBF3 /* HPMouseFac.swift */; };
		04A0542124139220007BFBF3 /* DellMouse.swift in Sources */ = {isa = PBXBuildFile; fileRef = 04A0542024139220007BFBF3 /* DellMouse.swift */; };
		04A054232413923C007BFBF3 /* HPMouse.swift in Sources */ = {isa = PBXBuildFile; fileRef = 04A054222413923C007BFBF3 /* HPMouse.swift */; };
/* End PBXBuildFile section */

/* Begin PBXContainerItemProxy section */
		04A053FE24138F23007BFBF3 /* PBXContainerItemProxy */ = {
			isa = PBXContainerItemProxy;
			containerPortal = 04A053DF24138F22007BFBF3 /* Project object */;
			proxyType = 1;
			remoteGlobalIDString = 04A053E624138F22007BFBF3;
			remoteInfo = FactoryDemo;
		};
		04A0540924138F23007BFBF3 /* PBXContainerItemProxy */ = {
			isa = PBXContainerItemProxy;
			containerPortal = 04A053DF24138F22007BFBF3 /* Project object */;
			proxyType = 1;
			remoteGlobalIDString = 04A053E624138F22007BFBF3;
			remoteInfo = FactoryDemo;
		};
/* End PBXContainerItemProxy section */

/* Begin PBXFileReference section */
		04A053E724138F22007BFBF3 /* FactoryDemo.app */ = {isa = PBXFileReference; explicitFileType = wrapper.application; includeInIndex = 0; path = FactoryDemo.app; sourceTree = BUILT_PRODUCTS_DIR; };
		04A053EA24138F22007BFBF3 /* AppDelegate.swift */ = {isa = PBXFileReference; lastKnownFileType = sourcecode.swift; path = AppDelegate.swift; sourceTree = "<group>"; };
		04A053EC24138F22007BFBF3 /* SceneDelegate.swift */ = {isa = PBXFileReference; lastKnownFileType = sourcecode.swift; path = SceneDelegate.swift; sourceTree = "<group>"; };
		04A053EE24138F22007BFBF3 /* ViewController.swift */ = {isa = PBXFileReference; lastKnownFileType = sourcecode.swift; path = ViewController.swift; sourceTree = "<group>"; };
		04A053F124138F22007BFBF3 /* Base */ = {isa = PBXFileReference; lastKnownFileType = file.storyboard; name = Base; path = Base.lproj/Main.storyboard; sourceTree = "<group>"; };
		04A053F624138F22007BFBF3 /* Base */ = {isa = PBXFileReference; lastKnownFileType = file.storyboard; name = Base; path = Base.lproj/LaunchScreen.storyboard; sourceTree = "<group>"; };
		04A053F824138F22007BFBF3 /* Info.plist */ = {isa = PBXFileReference; lastKnownFileType = text.plist.xml; path = Info.plist; sourceTree = "<group>"; };
		04A053FD24138F23007BFBF3 /* FactoryDemoTests.xctest */ = {isa = PBXFileReference; explicitFileType = wrapper.cfbundle; includeInIndex = 0; path = FactoryDemoTests.xctest; sourceTree = BUILT_PRODUCTS_DIR; };
		04A0540124138F23007BFBF3 /* FactoryDemoTests.swift */ = {isa = PBXFileReference; lastKnownFileType = sourcecode.swift; path = FactoryDemoTests.swift; sourceTree = "<group>"; };
		04A0540324138F23007BFBF3 /* Info.plist */ = {isa = PBXFileReference; lastKnownFileType = text.plist.xml; path = Info.plist; sourceTree = "<group>"; };
		04A0540824138F23007BFBF3 /* FactoryDemoUITests.xctest */ = {isa = PBXFileReference; explicitFileType = wrapper.cfbundle; includeInIndex = 0; path = FactoryDemoUITests.xctest; sourceTree = BUILT_PRODUCTS_DIR; };
		04A0540C24138F23007BFBF3 /* FactoryDemoUITests.swift */ = {isa = PBXFileReference; lastKnownFileType = sourcecode.swift; path = FactoryDemoUITests.swift; sourceTree = "<group>"; };
		04A0540E24138F23007BFBF3 /* Info.plist */ = {isa = PBXFileReference; lastKnownFileType = text.plist.xml; path = Info.plist; sourceTree = "<group>"; };
		04A0541A24138FA1007BFBF3 /* MouseFac.swift */ = {isa = PBXFileReference; lastKnownFileType = sourcecode.swift; path = MouseFac.swift; sourceTree = "<group>"; };
		04A0541C24138FD8007BFBF3 /* DellMouseFac.swift */ = {isa = PBXFileReference; lastKnownFileType = sourcecode.swift; path = DellMouseFac.swift; sourceTree = "<group>"; };
		04A0541E24138FE8007BFBF3 /* HPMouseFac.swift */ = {isa = PBXFileReference; lastKnownFileType = sourcecode.swift; path = HPMouseFac.swift; sourceTree = "<group>"; };
		04A0542024139220007BFBF3 /* DellMouse.swift */ = {isa = PBXFileReference; lastKnownFileType = sourcecode.swift; path = DellMouse.swift; sourceTree = "<group>"; };
		04A054222413923C007BFBF3 /* HPMouse.swift */ = {isa = PBXFileReference; lastKnownFileType = sourcecode.swift; path = HPMouse.swift; sourceTree = "<group>"; };
/* End PBXFileReference section */

/* Begin PBXFrameworksBuildPhase section */
		04A053E424138F22007BFBF3 /* Frameworks */ = {
			isa = PBXFrameworksBuildPhase;
			buildActionMask = 2147483647;
			files = (
			);
			runOnlyForDeploymentPostprocessing = 0;
		};
		04A053FA24138F23007BFBF3 /* Frameworks */ = {
			isa = PBXFrameworksBuildPhase;
			buildActionMask = 2147483647;
			files = (
			);
			runOnlyForDeploymentPostprocessing = 0;
		};
		04A0540524138F23007BFBF3 /* Frameworks */ = {
			isa = PBXFrameworksBuildPhase;
			buildActionMask = 2147483647;
			files = (
			);
			runOnlyForDeploymentPostprocessing = 0;
		};
/* End PBXFrameworksBuildPhase section */

/* Begin PBXGroup section */
		04A053DE24138F22007BFBF3 = {
			isa = PBXGroup;
			children = (
				04A053E924138F22007BFBF3 /* FactoryDemo */,
				04A0540024138F23007BFBF3 /* FactoryDemoTests */,
				04A0540B24138F23007BFBF3 /* FactoryDemoUITests */,
				04A053E824138F22007BFBF3 /* Products */,
			);
			sourceTree = "<group>";
		};
		04A053E824138F22007BFBF3 /* Products */ = {
			isa = PBXGroup;
			children = (
				04A053E724138F22007BFBF3 /* FactoryDemo.app */,
				04A053FD24138F23007BFBF3 /* FactoryDemoTests.xctest */,
				04A0540824138F23007BFBF3 /* FactoryDemoUITests.xctest */,
			);
			name = Products;
			sourceTree = "<group>";
		};
		04A053E924138F22007BFBF3 /* FactoryDemo */ = {
			isa = PBXGroup;
			children = (
				04A053EA24138F22007BFBF3 /* AppDelegate.swift */,
				04A053EC24138F22007BFBF3 /* SceneDelegate.swift */,
				04A053EE24138F22007BFBF3 /* ViewController.swift */,
				04A0541A24138FA1007BFBF3 /* MouseFac.swift */,
				04A0541C24138FD8007BFBF3 /* DellMouseFac.swift */,
				04A0541E24138FE8007BFBF3 /* HPMouseFac.swift */,
				04A0542024139220007BFBF3 /* DellMouse.swift */,
				04A054222413923C007BFBF3 /* HPMouse.swift */,
				04A053F024138F22007BFBF3 /* Main.storyboard */,
				04A053F524138F22007BFBF3 /* LaunchScreen.storyboard */,
				04A053F824138F22007BFBF3 /* Info.plist */,
			);
			path = FactoryDemo;
			sourceTree = "<group>";
		};
		04A0540024138F23007BFBF3 /* FactoryDemoTests */ = {
			isa = PBXGroup;
			children = (
				04A0540124138F23007BFBF3 /* FactoryDemoTests.swift */,
				04A0540324138F23007BFBF3 /* Info.plist */,
			);
			path = FactoryDemoTests;
			sourceTree = "<group>";
		};
		04A0540B24138F23007BFBF3 /* FactoryDemoUITests */ = {
			isa = PBXGroup;
			children = (
				04A0540C24138F23007BFBF3 /* FactoryDemoUITests.swift */,
				04A0540E24138F23007BFBF3 /* Info.plist */,
			);
			path = FactoryDemoUITests;
			sourceTree = "<group>";
		};
/* End PBXGroup section */

/* Begin PBXNativeTarget section */
		04A053E624138F22007BFBF3 /* FactoryDemo */ = {
			isa = PBXNativeTarget;
			buildConfigurationList = 04A0541124138F23007BFBF3 /* Build configuration list for PBXNativeTarget "FactoryDemo" */;
			buildPhases = (
				04A053E324138F22007BFBF3 /* Sources */,
				04A053E424138F22007BFBF3 /* Frameworks */,
				04A053E524138F22007BFBF3 /* Resources */,
			);
			buildRules = (
			);
			dependencies = (
			);
			name = FactoryDemo;
			productName = FactoryDemo;
			productReference = 04A053E724138F22007BFBF3 /* FactoryDemo.app */;
			productType = "com.apple.product-type.application";
		};
		04A053FC24138F23007BFBF3 /* FactoryDemoTests */ = {
			isa = PBXNativeTarget;
			buildConfigurationList = 04A0541424138F23007BFBF3 /* Build configuration list for PBXNativeTarget "FactoryDemoTests" */;
			buildPhases = (
				04A053F924138F23007BFBF3 /* Sources */,
				04A053FA24138F23007BFBF3 /* Frameworks */,
				04A053FB24138F23007BFBF3 /* Resources */,
			);
			buildRules = (
			);
			dependencies = (
				04A053FF24138F23007BFBF3 /* PBXTargetDependency */,
			);
			name = FactoryDemoTests;
			productName = FactoryDemoTests;
			productReference = 04A053FD24138F23007BFBF3 /* FactoryDemoTests.xctest */;
			productType = "com.apple.product-type.bundle.unit-test";
		};
		04A0540724138F23007BFBF3 /* FactoryDemoUITests */ = {
			isa = PBXNativeTarget;
			buildConfigurationList = 04A0541724138F23007BFBF3 /* Build configuration list for PBXNativeTarget "FactoryDemoUITests" */;
			buildPhases = (
				04A0540424138F23007BFBF3 /* Sources */,
				04A0540524138F23007BFBF3 /* Frameworks */,
				04A0540624138F23007BFBF3 /* Resources */,
			);
			buildRules = (
			);
			dependencies = (
				04A0540A24138F23007BFBF3 /* PBXTargetDependency */,
			);
			name = FactoryDemoUITests;
			productName = FactoryDemoUITests;
			productReference = 04A0540824138F23007BFBF3 /* FactoryDemoUITests.xctest */;
			productType = "com.apple.product-type.bundle.ui-testing";
		};
/* End PBXNativeTarget section */

/* Begin PBXProject section */
		04A053DF24138F22007BFBF3 /* Project object */ = {
			isa = PBXProject;
			attributes = {
				LastSwiftUpdateCheck = 1130;
				LastUpgradeCheck = 1130;
				ORGANIZATIONNAME = TLLTD;
				TargetAttributes = {
					04A053E624138F22007BFBF3 = {
						CreatedOnToolsVersion = 11.3.1;
					};
					04A053FC24138F23007BFBF3 = {
						CreatedOnToolsVersion = 11.3.1;
						TestTargetID = 04A053E624138F22007BFBF3;
					};
					04A0540724138F23007BFBF3 = {
						CreatedOnToolsVersion = 11.3.1;
						TestTargetID = 04A053E624138F22007BFBF3;
					};
				};
			};
			buildConfigurationList = 04A053E224138F22007BFBF3 /* Build configuration list for PBXProject "FactoryDemo" */;
			compatibilityVersion = "Xcode 9.3";
			developmentRegion = en;
			hasScannedForEncodings = 0;
			knownRegions = (
				en,
				Base,
			);
			mainGroup = 04A053DE24138F22007BFBF3;
			productRefGroup = 04A053E824138F22007BFBF3 /* Products */;
			projectDirPath = "";
			projectRoot = "";
			targets = (
				04A053E624138F22007BFBF3 /* FactoryDemo */,
				04A053FC24138F23007BFBF3 /* FactoryDemoTests */,
				04A0540724138F23007BFBF3 /* FactoryDemoUITests */,
			);
		};
/* End PBXProject section */

/* Begin PBXResourcesBuildPhase section */
		04A053E524138F22007BFBF3 /* Resources */ = {
			isa = PBXResourcesBuildPhase;
			buildActionMask = 2147483647;
			files = (
				04A053F724138F22007BFBF3 /* LaunchScreen.storyboard in Resources */,
				04A053F224138F22007BFBF3 /* Main.storyboard in Resources */,
			);
			runOnlyForDeploymentPostprocessing = 0;
		};
		04A053FB24138F23007BFBF3 /* Resources */ = {
			isa = PBXResourcesBuildPhase;
			buildActionMask = 2147483647;
			files = (
			);
			runOnlyForDeploymentPostprocessing = 0;
		};
		04A0540624138F23007BFBF3 /* Resources */ = {
			isa = PBXResourcesBuildPhase;
			buildActionMask = 2147483647;
			files = (
			);
			runOnlyForDeploymentPostprocessing = 0;
		};
/* End PBXResourcesBuildPhase section */

/* Begin PBXSourcesBuildPhase section */
		04A053E324138F22007BFBF3 /* Sources */ = {
			isa = PBXSourcesBuildPhase;
			buildActionMask = 2147483647;
			files = (
				04A0541F24138FE8007BFBF3 /* HPMouseFac.swift in Sources */,
				04A054232413923C007BFBF3 /* HPMouse.swift in Sources */,
				04A0542124139220007BFBF3 /* DellMouse.swift in Sources */,
				04A0541B24138FA1007BFBF3 /* MouseFac.swift in Sources */,
				04A053EF24138F22007BFBF3 /* ViewController.swift in Sources */,
				04A053EB24138F22007BFBF3 /* AppDelegate.swift in Sources */,
				04A0541D24138FD8007BFBF3 /* DellMouseFac.swift in Sources */,
				04A053ED24138F22007BFBF3 /* SceneDelegate.swift in Sources */,
			);
			runOnlyForDeploymentPostprocessing = 0;
		};
		04A053F924138F23007BFBF3 /* Sources */ = {
			isa = PBXSourcesBuildPhase;
			buildActionMask = 2147483647;
			files = (
				04A0540224138F23007BFBF3 /* FactoryDemoTests.swift in Sources */,
			);
			runOnlyForDeploymentPostprocessing = 0;
		};
		04A0540424138F23007BFBF3 /* Sources */ = {
			isa = PBXSourcesBuildPhase;
			buildActionMask = 2147483647;
			files = (
				04A0540D24138F23007BFBF3 /* FactoryDemoUITests.swift in Sources */,
			);
			runOnlyForDeploymentPostprocessing = 0;
		};
/* End PBXSourcesBuildPhase section */

/* Begin PBXTargetDependency section */
		04A053FF24138F23007BFBF3 /* PBXTargetDependency */ = {
			isa = PBXTargetDependency;
			target = 04A053E624138F22007BFBF3 /* FactoryDemo */;
			targetProxy = 04A053FE24138F23007BFBF3 /* PBXContainerItemProxy */;
		};
		04A0540A24138F23007BFBF3 /* PBXTargetDependency */ = {
			isa = PBXTargetDependency;
			target = 04A053E624138F22007BFBF3 /* FactoryDemo */;
			targetProxy = 04A0540924138F23007BFBF3 /* PBXContainerItemProxy */;
		};
/* End PBXTargetDependency section */

/* Begin PBXVariantGroup section */
		04A053F024138F22007BFBF3 /* Main.storyboard */ = {
			isa = PBXVariantGroup;
			children = (
				04A053F124138F22007BFBF3 /* Base */,
			);
			name = Main.storyboard;
			sourceTree = "<group>";
		};
		04A053F524138F22007BFBF3 /* LaunchScreen.storyboard */ = {
			isa = PBXVariantGroup;
			children = (
				04A053F624138F22007BFBF3 /* Base */,
			);
			name = LaunchScreen.storyboard;
			sourceTree = "<group>";
		};
/* End PBXVariantGroup section */

/* Begin XCBuildConfiguration section */
		04A0540F24138F23007BFBF3 /* Debug */ = {
			isa = XCBuildConfiguration;
			buildSettings = {
				ALWAYS_SEARCH_USER_PATHS = NO;
				CLANG_ANALYZER_NONNULL = YES;
				CLANG_ANALYZER_NUMBER_OBJECT_CONVERSION = YES_AGGRESSIVE;
				CLANG_CXX_LANGUAGE_STANDARD = "gnu++14";
				CLANG_CXX_LIBRARY = "libc++";
				CLANG_ENABLE_MODULES = YES;
				CLANG_ENABLE_OBJC_ARC = YES;
				CLANG_ENABLE_OBJC_WEAK = YES;
				CLANG_WARN_BLOCK_CAPTURE_AUTORELEASING = YES;
				CLANG_WARN_BOOL_CONVERSION = YES;
				CLANG_WARN_COMMA = YES;
				CLANG_WARN_CONSTANT_CONVERSION = YES;
				CLANG_WARN_DEPRECATED_OBJC_IMPLEMENTATIONS = YES;
				CLANG_WARN_DIRECT_OBJC_ISA_USAGE = YES_ERROR;
				CLANG_WARN_DOCUMENTATION_COMMENTS = YES;
				CLANG_WARN_EMPTY_BODY = YES;
				CLANG_WARN_ENUM_CONVERSION = YES;
				CLANG_WARN_INFINITE_RECURSION = YES;
				CLANG_WARN_INT_CONVERSION = YES;
				CLANG_WARN_NON_LITERAL_NULL_CONVERSION = YES;
				CLANG_WARN_OBJC_IMPLICIT_RETAIN_SELF = YES;
				CLANG_WARN_OBJC_LITERAL_CONVERSION = YES;
				CLANG_WARN_OBJC_ROOT_CLASS = YES_ERROR;
				CLANG_WARN_RANGE_LOOP_ANALYSIS = YES;
				CLANG_WARN_STRICT_PROTOTYPES = YES;
				CLANG_WARN_SUSPICIOUS_MOVE = YES;
				CLANG_WARN_UNGUARDED_AVAILABILITY = YES_AGGRESSIVE;
				CLANG_WARN_UNREACHABLE_CODE = YES;
				CLANG_WARN__DUPLICATE_METHOD_MATCH = YES;
				COPY_PHASE_STRIP = NO;
				DEBUG_INFORMATION_FORMAT = dwarf;
				ENABLE_STRICT_OBJC_MSGSEND = YES;
				ENABLE_TESTABILITY = YES;
				GCC_C_LANGUAGE_STANDARD = gnu11;
				GCC_DYNAMIC_NO_PIC = NO;
				GCC_NO_COMMON_BLOCKS = YES;
				GCC_OPTIMIZATION_LEVEL = 0;
				GCC_PREPROCESSOR_DEFINITIONS = (
					"DEBUG=1",
					"$(inherited)",
				);
				GCC_WARN_64_TO_32_BIT_CONVERSION = YES;
				GCC_WARN_ABOUT_RETURN_TYPE = YES_ERROR;
				GCC_WARN_UNDECLARED_SELECTOR = YES;
				GCC_WARN_UNINITIALIZED_AUTOS = YES_AGGRESSIVE;
				GCC_WARN_UNUSED_FUNCTION = YES;
				GCC_WARN_UNUSED_VARIABLE = YES;
				IPHONEOS_DEPLOYMENT_TARGET = 13.2;
				MTL_ENABLE_DEBUG_INFO = INCLUDE_SOURCE;
				MTL_FAST_MATH = YES;
				ONLY_ACTIVE_ARCH = YES;
				SDKROOT = iphoneos;
				SWIFT_ACTIVE_COMPILATION_CONDITIONS = DEBUG;
				SWIFT_OPTIMIZATION_LEVEL = "-Onone";
			};
			name = Debug;
		};
		04A0541024138F23007BFBF3 /* Release */ = {
			isa = XCBuildConfiguration;
			buildSettings = {
				ALWAYS_SEARCH_USER_PATHS = NO;
				CLANG_ANALYZER_NONNULL = YES;
				CLANG_ANALYZER_NUMBER_OBJECT_CONVERSION = YES_AGGRESSIVE;
				CLANG_CXX_LANGUAGE_STANDARD = "gnu++14";
				CLANG_CXX_LIBRARY = "libc++";
				CLANG_ENABLE_MODULES = YES;
				CLANG_ENABLE_OBJC_ARC = YES;
				CLANG_ENABLE_OBJC_WEAK = YES;
				CLANG_WARN_BLOCK_CAPTURE_AUTORELEASING = YES;
				CLANG_WARN_BOOL_CONVERSION = YES;
				CLANG_WARN_COMMA = YES;
				CLANG_WARN_CONSTANT_CONVERSION = YES;
				CLANG_WARN_DEPRECATED_OBJC_IMPLEMENTATIONS = YES;
				CLANG_WARN_DIRECT_OBJC_ISA_USAGE = YES_ERROR;
				CLANG_WARN_DOCUMENTATION_COMMENTS = YES;
				CLANG_WARN_EMPTY_BODY = YES;
				CLANG_WARN_ENUM_CONVERSION = YES;
				CLANG_WARN_INFINITE_RECURSION = YES;
				CLANG_WARN_INT_CONVERSION = YES;
				CLANG_WARN_NON_LITERAL_NULL_CONVERSION = YES;
				CLANG_WARN_OBJC_IMPLICIT_RETAIN_SELF = YES;
				CLANG_WARN_OBJC_LITERAL_CONVERSION = YES;
				CLANG_WARN_OBJC_ROOT_CLASS = YES_ERROR;
				CLANG_WARN_RANGE_LOOP_ANALYSIS = YES;
				CLANG_WARN_STRICT_PROTOTYPES = YES;
				CLANG_WARN_SUSPICIOUS_MOVE = YES;
				CLANG_WARN_UNGUARDED_AVAILABILITY = YES_AGGRESSIVE;
				CLANG_WARN_UNREACHABLE_CODE = YES;
				CLANG_WARN__DUPLICATE_METHOD_MATCH = YES;
				COPY_PHASE_STRIP = NO;
				DEBUG_INFORMATION_FORMAT = "dwarf-with-dsym";
				ENABLE_NS_ASSERTIONS = NO;
				ENABLE_STRICT_OBJC_MSGSEND = YES;
				GCC_C_LANGUAGE_STANDARD = gnu11;
				GCC_NO_COMMON_BLOCKS = YES;
				GCC_WARN_64_TO_32_BIT_CONVERSION = YES;
				GCC_WARN_ABOUT_RETURN_TYPE = YES_ERROR;
				GCC_WARN_UNDECLARED_SELECTOR = YES;
				GCC_WARN_UNINITIALIZED_AUTOS = YES_AGGRESSIVE;
				GCC_WARN_UNUSED_FUNCTION = YES;
				GCC_WARN_UNUSED_VARIABLE = YES;
				IPHONEOS_DEPLOYMENT_TARGET = 13.2;
				MTL_ENABLE_DEBUG_INFO = NO;
				MTL_FAST_MATH = YES;
				SDKROOT = iphoneos;
				SWIFT_COMPILATION_MODE = wholemodule;
				SWIFT_OPTIMIZATION_LEVEL = "-O";
				VALIDATE_PRODUCT = YES;
			};
			name = Release;
		};
		04A0541224138F23007BFBF3 /* Debug */ = {
			isa = XCBuildConfiguration;
			buildSettings = {
				ASSETCATALOG_COMPILER_APPICON_NAME = AppIcon;
				CODE_SIGN_STYLE = Automatic;
				DEVELOPMENT_TEAM = LPF3349M6Q;
				INFOPLIST_FILE = FactoryDemo/Info.plist;
				LD_RUNPATH_SEARCH_PATHS = (
					"$(inherited)",
					"@executable_path/Frameworks",
				);
				PRODUCT_BUNDLE_IDENTIFIER = TLTech.FactoryDemo;
				PRODUCT_NAME = "$(TARGET_NAME)";
				SWIFT_VERSION = 5.0;
				TARGETED_DEVICE_FAMILY = "1,2";
			};
			name = Debug;
		};
		04A0541324138F23007BFBF3 /* Release */ = {
			isa = XCBuildConfiguration;
			buildSettings = {
				ASSETCATALOG_COMPILER_APPICON_NAME = AppIcon;
				CODE_SIGN_STYLE = Automatic;
				DEVELOPMENT_TEAM = LPF3349M6Q;
				INFOPLIST_FILE = FactoryDemo/Info.plist;
				LD_RUNPATH_SEARCH_PATHS = (
					"$(inherited)",
					"@executable_path/Frameworks",
				);
				PRODUCT_BUNDLE_IDENTIFIER = TLTech.FactoryDemo;
				PRODUCT_NAME = "$(TARGET_NAME)";
				SWIFT_VERSION = 5.0;
				TARGETED_DEVICE_FAMILY = "1,2";
			};
			name = Release;
		};
		04A0541524138F23007BFBF3 /* Debug */ = {
			isa = XCBuildConfiguration;
			buildSettings = {
				ALWAYS_EMBED_SWIFT_STANDARD_LIBRARIES = YES;
				BUNDLE_LOADER = "$(TEST_HOST)";
				CODE_SIGN_STYLE = Automatic;
				DEVELOPMENT_TEAM = LPF3349M6Q;
				INFOPLIST_FILE = FactoryDemoTests/Info.plist;
				IPHONEOS_DEPLOYMENT_TARGET = 13.2;
				LD_RUNPATH_SEARCH_PATHS = (
					"$(inherited)",
					"@executable_path/Frameworks",
					"@loader_path/Frameworks",
				);
				PRODUCT_BUNDLE_IDENTIFIER = TLTech.FactoryDemoTests;
				PRODUCT_NAME = "$(TARGET_NAME)";
				SWIFT_VERSION = 5.0;
				TARGETED_DEVICE_FAMILY = "1,2";
				TEST_HOST = "$(BUILT_PRODUCTS_DIR)/FactoryDemo.app/FactoryDemo";
			};
			name = Debug;
		};
		04A0541624138F23007BFBF3 /* Release */ = {
			isa = XCBuildConfiguration;
			buildSettings = {
				ALWAYS_EMBED_SWIFT_STANDARD_LIBRARIES = YES;
				BUNDLE_LOADER = "$(TEST_HOST)";
				CODE_SIGN_STYLE = Automatic;
				DEVELOPMENT_TEAM = LPF3349M6Q;
				INFOPLIST_FILE = FactoryDemoTests/Info.plist;
				IPHONEOS_DEPLOYMENT_TARGET = 13.2;
				LD_RUNPATH_SEARCH_PATHS = (
					"$(inherited)",
					"@executable_path/Frameworks",
					"@loader_path/Frameworks",
				);
				PRODUCT_BUNDLE_IDENTIFIER = TLTech.FactoryDemoTests;
				PRODUCT_NAME = "$(TARGET_NAME)";
				SWIFT_VERSION = 5.0;
				TARGETED_DEVICE_FAMILY = "1,2";
				TEST_HOST = "$(BUILT_PRODUCTS_DIR)/FactoryDemo.app/FactoryDemo";
			};
			name = Release;
		};
		04A0541824138F23007BFBF3 /* Debug */ = {
			isa = XCBuildConfiguration;
			buildSettings = {
				ALWAYS_EMBED_SWIFT_STANDARD_LIBRARIES = YES;
				CODE_SIGN_STYLE = Automatic;
				DEVELOPMENT_TEAM = LPF3349M6Q;
				INFOPLIST_FILE = FactoryDemoUITests/Info.plist;
				LD_RUNPATH_SEARCH_PATHS = (
					"$(inherited)",
					"@executable_path/Frameworks",
					"@loader_path/Frameworks",
				);
				PRODUCT_BUNDLE_IDENTIFIER = TLTech.FactoryDemoUITests;
				PRODUCT_NAME = "$(TARGET_NAME)";
				SWIFT_VERSION = 5.0;
				TARGETED_DEVICE_FAMILY = "1,2";
				TEST_TARGET_NAME = FactoryDemo;
			};
			name = Debug;
		};
		04A0541924138F23007BFBF3 /* Release */ = {
			isa = XCBuildConfiguration;
			buildSettings = {
				ALWAYS_EMBED_SWIFT_STANDARD_LIBRARIES = YES;
				CODE_SIGN_STYLE = Automatic;
				DEVELOPMENT_TEAM = LPF3349M6Q;
				INFOPLIST_FILE = FactoryDemoUITests/Info.plist;
				LD_RUNPATH_SEARCH_PATHS = (
					"$(inherited)",
					"@executable_path/Frameworks",
					"@loader_path/Frameworks",
				);
				PRODUCT_BUNDLE_IDENTIFIER = TLTech.FactoryDemoUITests;
				PRODUCT_NAME = "$(TARGET_NAME)";
				SWIFT_VERSION = 5.0;
				TARGETED_DEVICE_FAMILY = "1,2";
				TEST_TARGET_NAME = FactoryDemo;
			};
			name = Release;
		};
/* End XCBuildConfiguration section */

/* Begin XCConfigurationList section */
		04A053E224138F22007BFBF3 /* Build configuration list for PBXProject "FactoryDemo" */ = {
			isa = XCConfigurationList;
			buildConfigurations = (
				04A0540F24138F23007BFBF3 /* Debug */,
				04A0541024138F23007BFBF3 /* Release */,
			);
			defaultConfigurationIsVisible = 0;
			defaultConfigurationName = Release;
		};
		04A0541124138F23007BFBF3 /* Build configuration list for PBXNativeTarget "FactoryDemo" */ = {
			isa = XCConfigurationList;
			buildConfigurations = (
				04A0541224138F23007BFBF3 /* Debug */,
				04A0541324138F23007BFBF3 /* Release */,
			);
			defaultConfigurationIsVisible = 0;
			defaultConfigurationName = Release;
		};
		04A0541424138F23007BFBF3 /* Build configuration list for PBXNativeTarget "FactoryDemoTests" */ = {
			isa = XCConfigurationList;
			buildConfigurations = (
				04A0541524138F23007BFBF3 /* Debug */,
				04A0541624138F23007BFBF3 /* Release */,
			);
			defaultConfigurationIsVisible = 0;
			defaultConfigurationName = Release;
		};
		04A0541724138F23007BFBF3 /* Build configuration list for PBXNativeTarget "FactoryDemoUITests" */ = {
			isa = XCConfigurationList;
			buildConfigurations = (
				04A0541824138F23007BFBF3 /* Debug */,
				04A0541924138F23007BFBF3 /* Release */,
			);
			defaultConfigurationIsVisible = 0;
			defaultConfigurationName = Release;
		};
/* End XCConfigurationList section */
	};
	rootObject = 04A053DF24138F22007BFBF3 /* Project object */;
}
