// !$*UTF8*$!
{
	archiveVersion = 1;
	classes = {
	};
	objectVersion = 50;
	objects = {

/* Begin PBXBuildFile section */
		04A415802443F1E40066859F /* AppDelegate.swift in Sources */ = {isa = PBXBuildFile; fileRef = 04A4157F2443F1E40066859F /* AppDelegate.swift */; };
		04A415822443F1E40066859F /* SceneDelegate.swift in Sources */ = {isa = PBXBuildFile; fileRef = 04A415812443F1E40066859F /* SceneDelegate.swift */; };
		04A415842443F1E40066859F /* ViewController.swift in Sources */ = {isa = PBXBuildFile; fileRef = 04A415832443F1E40066859F /* ViewController.swift */; };
		04A415872443F1E40066859F /* Main.storyboard in Resources */ = {isa = PBXBuildFile; fileRef = 04A415852443F1E40066859F /* Main.storyboard */; };
		04A415892443F1E50066859F /* Assets.xcassets in Resources */ = {isa = PBXBuildFile; fileRef = 04A415882443F1E50066859F /* Assets.xcassets */; };
		04A4158C2443F1E50066859F /* LaunchScreen.storyboard in Resources */ = {isa = PBXBuildFile; fileRef = 04A4158A2443F1E50066859F /* LaunchScreen.storyboard */; };
		04A415972443F1E60066859F /* DataPersistanceTests.swift in Sources */ = {isa = PBXBuildFile; fileRef = 04A415962443F1E60066859F /* DataPersistanceTests.swift */; };
		04A415A22443F1E60066859F /* DataPersistanceUITests.swift in Sources */ = {isa = PBXBuildFile; fileRef = 04A415A12443F1E60066859F /* DataPersistanceUITests.swift */; };
/* End PBXBuildFile section */

/* Begin PBXContainerItemProxy section */
		04A415932443F1E60066859F /* PBXContainerItemProxy */ = {
			isa = PBXContainerItemProxy;
			containerPortal = 04A415742443F1E40066859F /* Project object */;
			proxyType = 1;
			remoteGlobalIDString = 04A4157B2443F1E40066859F;
			remoteInfo = DataPersistance;
		};
		04A4159E2443F1E60066859F /* PBXContainerItemProxy */ = {
			isa = PBXContainerItemProxy;
			containerPortal = 04A415742443F1E40066859F /* Project object */;
			proxyType = 1;
			remoteGlobalIDString = 04A4157B2443F1E40066859F;
			remoteInfo = DataPersistance;
		};
/* End PBXContainerItemProxy section */

/* Begin PBXFileReference section */
		04A4157C2443F1E40066859F /* DataPersistance.app */ = {isa = PBXFileReference; explicitFileType = wrapper.application; includeInIndex = 0; path = DataPersistance.app; sourceTree = BUILT_PRODUCTS_DIR; };
		04A4157F2443F1E40066859F /* AppDelegate.swift */ = {isa = PBXFileReference; lastKnownFileType = sourcecode.swift; path = AppDelegate.swift; sourceTree = "<group>"; };
		04A415812443F1E40066859F /* SceneDelegate.swift */ = {isa = PBXFileReference; lastKnownFileType = sourcecode.swift; path = SceneDelegate.swift; sourceTree = "<group>"; };
		04A415832443F1E40066859F /* ViewController.swift */ = {isa = PBXFileReference; lastKnownFileType = sourcecode.swift; path = ViewController.swift; sourceTree = "<group>"; };
		04A415862443F1E40066859F /* Base */ = {isa = PBXFileReference; lastKnownFileType = file.storyboard; name = Base; path = Base.lproj/Main.storyboard; sourceTree = "<group>"; };
		04A415882443F1E50066859F /* Assets.xcassets */ = {isa = PBXFileReference; lastKnownFileType = folder.assetcatalog; path = Assets.xcassets; sourceTree = "<group>"; };
		04A4158B2443F1E50066859F /* Base */ = {isa = PBXFileReference; lastKnownFileType = file.storyboard; name = Base; path = Base.lproj/LaunchScreen.storyboard; sourceTree = "<group>"; };
		04A4158D2443F1E50066859F /* Info.plist */ = {isa = PBXFileReference; lastKnownFileType = text.plist.xml; path = Info.plist; sourceTree = "<group>"; };
		04A415922443F1E60066859F /* DataPersistanceTests.xctest */ = {isa = PBXFileReference; explicitFileType = wrapper.cfbundle; includeInIndex = 0; path = DataPersistanceTests.xctest; sourceTree = BUILT_PRODUCTS_DIR; };
		04A415962443F1E60066859F /* DataPersistanceTests.swift */ = {isa = PBXFileReference; lastKnownFileType = sourcecode.swift; path = DataPersistanceTests.swift; sourceTree = "<group>"; };
		04A415982443F1E60066859F /* Info.plist */ = {isa = PBXFileReference; lastKnownFileType = text.plist.xml; path = Info.plist; sourceTree = "<group>"; };
		04A4159D2443F1E60066859F /* DataPersistanceUITests.xctest */ = {isa = PBXFileReference; explicitFileType = wrapper.cfbundle; includeInIndex = 0; path = DataPersistanceUITests.xctest; sourceTree = BUILT_PRODUCTS_DIR; };
		04A415A12443F1E60066859F /* DataPersistanceUITests.swift */ = {isa = PBXFileReference; lastKnownFileType = sourcecode.swift; path = DataPersistanceUITests.swift; sourceTree = "<group>"; };
		04A415A32443F1E60066859F /* Info.plist */ = {isa = PBXFileReference; lastKnownFileType = text.plist.xml; path = Info.plist; sourceTree = "<group>"; };
/* End PBXFileReference section */

/* Begin PBXFrameworksBuildPhase section */
		04A415792443F1E40066859F /* Frameworks */ = {
			isa = PBXFrameworksBuildPhase;
			buildActionMask = 2147483647;
			files = (
			);
			runOnlyForDeploymentPostprocessing = 0;
		};
		04A4158F2443F1E60066859F /* Frameworks */ = {
			isa = PBXFrameworksBuildPhase;
			buildActionMask = 2147483647;
			files = (
			);
			runOnlyForDeploymentPostprocessing = 0;
		};
		04A4159A2443F1E60066859F /* Frameworks */ = {
			isa = PBXFrameworksBuildPhase;
			buildActionMask = 2147483647;
			files = (
			);
			runOnlyForDeploymentPostprocessing = 0;
		};
/* End PBXFrameworksBuildPhase section */

/* Begin PBXGroup section */
		04A415732443F1E40066859F = {
			isa = PBXGroup;
			children = (
				04A4157E2443F1E40066859F /* DataPersistance */,
				04A415952443F1E60066859F /* DataPersistanceTests */,
				04A415A02443F1E60066859F /* DataPersistanceUITests */,
				04A4157D2443F1E40066859F /* Products */,
			);
			sourceTree = "<group>";
		};
		04A4157D2443F1E40066859F /* Products */ = {
			isa = PBXGroup;
			children = (
				04A4157C2443F1E40066859F /* DataPersistance.app */,
				04A415922443F1E60066859F /* DataPersistanceTests.xctest */,
				04A4159D2443F1E60066859F /* DataPersistanceUITests.xctest */,
			);
			name = Products;
			sourceTree = "<group>";
		};
		04A4157E2443F1E40066859F /* DataPersistance */ = {
			isa = PBXGroup;
			children = (
				04A4157F2443F1E40066859F /* AppDelegate.swift */,
				04A415812443F1E40066859F /* SceneDelegate.swift */,
				04A415832443F1E40066859F /* ViewController.swift */,
				04A415852443F1E40066859F /* Main.storyboard */,
				04A415882443F1E50066859F /* Assets.xcassets */,
				04A4158A2443F1E50066859F /* LaunchScreen.storyboard */,
				04A4158D2443F1E50066859F /* Info.plist */,
			);
			path = DataPersistance;
			sourceTree = "<group>";
		};
		04A415952443F1E60066859F /* DataPersistanceTests */ = {
			isa = PBXGroup;
			children = (
				04A415962443F1E60066859F /* DataPersistanceTests.swift */,
				04A415982443F1E60066859F /* Info.plist */,
			);
			path = DataPersistanceTests;
			sourceTree = "<group>";
		};
		04A415A02443F1E60066859F /* DataPersistanceUITests */ = {
			isa = PBXGroup;
			children = (
				04A415A12443F1E60066859F /* DataPersistanceUITests.swift */,
				04A415A32443F1E60066859F /* Info.plist */,
			);
			path = DataPersistanceUITests;
			sourceTree = "<group>";
		};
/* End PBXGroup section */

/* Begin PBXNativeTarget section */
		04A4157B2443F1E40066859F /* DataPersistance */ = {
			isa = PBXNativeTarget;
			buildConfigurationList = 04A415A62443F1E60066859F /* Build configuration list for PBXNativeTarget "DataPersistance" */;
			buildPhases = (
				04A415782443F1E40066859F /* Sources */,
				04A415792443F1E40066859F /* Frameworks */,
				04A4157A2443F1E40066859F /* Resources */,
			);
			buildRules = (
			);
			dependencies = (
			);
			name = DataPersistance;
			productName = DataPersistance;
			productReference = 04A4157C2443F1E40066859F /* DataPersistance.app */;
			productType = "com.apple.product-type.application";
		};
		04A415912443F1E60066859F /* DataPersistanceTests */ = {
			isa = PBXNativeTarget;
			buildConfigurationList = 04A415A92443F1E60066859F /* Build configuration list for PBXNativeTarget "DataPersistanceTests" */;
			buildPhases = (
				04A4158E2443F1E60066859F /* Sources */,
				04A4158F2443F1E60066859F /* Frameworks */,
				04A415902443F1E60066859F /* Resources */,
			);
			buildRules = (
			);
			dependencies = (
				04A415942443F1E60066859F /* PBXTargetDependency */,
			);
			name = DataPersistanceTests;
			productName = DataPersistanceTests;
			productReference = 04A415922443F1E60066859F /* DataPersistanceTests.xctest */;
			productType = "com.apple.product-type.bundle.unit-test";
		};
		04A4159C2443F1E60066859F /* DataPersistanceUITests */ = {
			isa = PBXNativeTarget;
			buildConfigurationList = 04A415AC2443F1E60066859F /* Build configuration list for PBXNativeTarget "DataPersistanceUITests" */;
			buildPhases = (
				04A415992443F1E60066859F /* Sources */,
				04A4159A2443F1E60066859F /* Frameworks */,
				04A4159B2443F1E60066859F /* Resources */,
			);
			buildRules = (
			);
			dependencies = (
				04A4159F2443F1E60066859F /* PBXTargetDependency */,
			);
			name = DataPersistanceUITests;
			productName = DataPersistanceUITests;
			productReference = 04A4159D2443F1E60066859F /* DataPersistanceUITests.xctest */;
			productType = "com.apple.product-type.bundle.ui-testing";
		};
/* End PBXNativeTarget section */

/* Begin PBXProject section */
		04A415742443F1E40066859F /* Project object */ = {
			isa = PBXProject;
			attributes = {
				LastSwiftUpdateCheck = 1130;
				LastUpgradeCheck = 1130;
				ORGANIZATIONNAME = TLLTD;
				TargetAttributes = {
					04A4157B2443F1E40066859F = {
						CreatedOnToolsVersion = 11.3.1;
					};
					04A415912443F1E60066859F = {
						CreatedOnToolsVersion = 11.3.1;
						TestTargetID = 04A4157B2443F1E40066859F;
					};
					04A4159C2443F1E60066859F = {
						CreatedOnToolsVersion = 11.3.1;
						TestTargetID = 04A4157B2443F1E40066859F;
					};
				};
			};
			buildConfigurationList = 04A415772443F1E40066859F /* Build configuration list for PBXProject "DataPersistance" */;
			compatibilityVersion = "Xcode 9.3";
			developmentRegion = en;
			hasScannedForEncodings = 0;
			knownRegions = (
				en,
				Base,
			);
			mainGroup = 04A415732443F1E40066859F;
			productRefGroup = 04A4157D2443F1E40066859F /* Products */;
			projectDirPath = "";
			projectRoot = "";
			targets = (
				04A4157B2443F1E40066859F /* DataPersistance */,
				04A415912443F1E60066859F /* DataPersistanceTests */,
				04A4159C2443F1E60066859F /* DataPersistanceUITests */,
			);
		};
/* End PBXProject section */

/* Begin PBXResourcesBuildPhase section */
		04A4157A2443F1E40066859F /* Resources */ = {
			isa = PBXResourcesBuildPhase;
			buildActionMask = 2147483647;
			files = (
				04A4158C2443F1E50066859F /* LaunchScreen.storyboard in Resources */,
				04A415892443F1E50066859F /* Assets.xcassets in Resources */,
				04A415872443F1E40066859F /* Main.storyboard in Resources */,
			);
			runOnlyForDeploymentPostprocessing = 0;
		};
		04A415902443F1E60066859F /* Resources */ = {
			isa = PBXResourcesBuildPhase;
			buildActionMask = 2147483647;
			files = (
			);
			runOnlyForDeploymentPostprocessing = 0;
		};
		04A4159B2443F1E60066859F /* Resources */ = {
			isa = PBXResourcesBuildPhase;
			buildActionMask = 2147483647;
			files = (
			);
			runOnlyForDeploymentPostprocessing = 0;
		};
/* End PBXResourcesBuildPhase section */

/* Begin PBXSourcesBuildPhase section */
		04A415782443F1E40066859F /* Sources */ = {
			isa = PBXSourcesBuildPhase;
			buildActionMask = 2147483647;
			files = (
				04A415842443F1E40066859F /* ViewController.swift in Sources */,
				04A415802443F1E40066859F /* AppDelegate.swift in Sources */,
				04A415822443F1E40066859F /* SceneDelegate.swift in Sources */,
			);
			runOnlyForDeploymentPostprocessing = 0;
		};
		04A4158E2443F1E60066859F /* Sources */ = {
			isa = PBXSourcesBuildPhase;
			buildActionMask = 2147483647;
			files = (
				04A415972443F1E60066859F /* DataPersistanceTests.swift in Sources */,
			);
			runOnlyForDeploymentPostprocessing = 0;
		};
		04A415992443F1E60066859F /* Sources */ = {
			isa = PBXSourcesBuildPhase;
			buildActionMask = 2147483647;
			files = (
				04A415A22443F1E60066859F /* DataPersistanceUITests.swift in Sources */,
			);
			runOnlyForDeploymentPostprocessing = 0;
		};
/* End PBXSourcesBuildPhase section */

/* Begin PBXTargetDependency section */
		04A415942443F1E60066859F /* PBXTargetDependency */ = {
			isa = PBXTargetDependency;
			target = 04A4157B2443F1E40066859F /* DataPersistance */;
			targetProxy = 04A415932443F1E60066859F /* PBXContainerItemProxy */;
		};
		04A4159F2443F1E60066859F /* PBXTargetDependency */ = {
			isa = PBXTargetDependency;
			target = 04A4157B2443F1E40066859F /* DataPersistance */;
			targetProxy = 04A4159E2443F1E60066859F /* PBXContainerItemProxy */;
		};
/* End PBXTargetDependency section */

/* Begin PBXVariantGroup section */
		04A415852443F1E40066859F /* Main.storyboard */ = {
			isa = PBXVariantGroup;
			children = (
				04A415862443F1E40066859F /* Base */,
			);
			name = Main.storyboard;
			sourceTree = "<group>";
		};
		04A4158A2443F1E50066859F /* LaunchScreen.storyboard */ = {
			isa = PBXVariantGroup;
			children = (
				04A4158B2443F1E50066859F /* Base */,
			);
			name = LaunchScreen.storyboard;
			sourceTree = "<group>";
		};
/* End PBXVariantGroup section */

/* Begin XCBuildConfiguration section */
		04A415A42443F1E60066859F /* Debug */ = {
			isa = XCBuildConfiguration;
			buildSettings = {
				ALWAYS_SEARCH_USER_PATHS = NO;
				CLANG_ANALYZER_NONNULL = YES;
				CLANG_ANALYZER_NUMBER_OBJECT_CONVERSION = YES_AGGRESSIVE;
				CLANG_CXX_LANGUAGE_STANDARD = "gnu++14";
				CLANG_CXX_LIBRARY = "libc++";
				CLANG_ENABLE_MODULES = YES;
				CLANG_ENABLE_OBJC_ARC = YES;
				CLANG_ENABLE_OBJC_WEAK = YES;
				CLANG_WARN_BLOCK_CAPTURE_AUTORELEASING = YES;
				CLANG_WARN_BOOL_CONVERSION = YES;
				CLANG_WARN_COMMA = YES;
				CLANG_WARN_CONSTANT_CONVERSION = YES;
				CLANG_WARN_DEPRECATED_OBJC_IMPLEMENTATIONS = YES;
				CLANG_WARN_DIRECT_OBJC_ISA_USAGE = YES_ERROR;
				CLANG_WARN_DOCUMENTATION_COMMENTS = YES;
				CLANG_WARN_EMPTY_BODY = YES;
				CLANG_WARN_ENUM_CONVERSION = YES;
				CLANG_WARN_INFINITE_RECURSION = YES;
				CLANG_WARN_INT_CONVERSION = YES;
				CLANG_WARN_NON_LITERAL_NULL_CONVERSION = YES;
				CLANG_WARN_OBJC_IMPLICIT_RETAIN_SELF = YES;
				CLANG_WARN_OBJC_LITERAL_CONVERSION = YES;
				CLANG_WARN_OBJC_ROOT_CLASS = YES_ERROR;
				CLANG_WARN_RANGE_LOOP_ANALYSIS = YES;
				CLANG_WARN_STRICT_PROTOTYPES = YES;
				CLANG_WARN_SUSPICIOUS_MOVE = YES;
				CLANG_WARN_UNGUARDED_AVAILABILITY = YES_AGGRESSIVE;
				CLANG_WARN_UNREACHABLE_CODE = YES;
				CLANG_WARN__DUPLICATE_METHOD_MATCH = YES;
				COPY_PHASE_STRIP = NO;
				DEBUG_INFORMATION_FORMAT = dwarf;
				ENABLE_STRICT_OBJC_MSGSEND = YES;
				ENABLE_TESTABILITY = YES;
				GCC_C_LANGUAGE_STANDARD = gnu11;
				GCC_DYNAMIC_NO_PIC = NO;
				GCC_NO_COMMON_BLOCKS = YES;
				GCC_OPTIMIZATION_LEVEL = 0;
				GCC_PREPROCESSOR_DEFINITIONS = (
					"DEBUG=1",
					"$(inherited)",
				);
				GCC_WARN_64_TO_32_BIT_CONVERSION = YES;
				GCC_WARN_ABOUT_RETURN_TYPE = YES_ERROR;
				GCC_WARN_UNDECLARED_SELECTOR = YES;
				GCC_WARN_UNINITIALIZED_AUTOS = YES_AGGRESSIVE;
				GCC_WARN_UNUSED_FUNCTION = YES;
				GCC_WARN_UNUSED_VARIABLE = YES;
				IPHONEOS_DEPLOYMENT_TARGET = 13.2;
				MTL_ENABLE_DEBUG_INFO = INCLUDE_SOURCE;
				MTL_FAST_MATH = YES;
				ONLY_ACTIVE_ARCH = YES;
				SDKROOT = iphoneos;
				SWIFT_ACTIVE_COMPILATION_CONDITIONS = DEBUG;
				SWIFT_OPTIMIZATION_LEVEL = "-Onone";
			};
			name = Debug;
		};
		04A415A52443F1E60066859F /* Release */ = {
			isa = XCBuildConfiguration;
			buildSettings = {
				ALWAYS_SEARCH_USER_PATHS = NO;
				CLANG_ANALYZER_NONNULL = YES;
				CLANG_ANALYZER_NUMBER_OBJECT_CONVERSION = YES_AGGRESSIVE;
				CLANG_CXX_LANGUAGE_STANDARD = "gnu++14";
				CLANG_CXX_LIBRARY = "libc++";
				CLANG_ENABLE_MODULES = YES;
				CLANG_ENABLE_OBJC_ARC = YES;
				CLANG_ENABLE_OBJC_WEAK = YES;
				CLANG_WARN_BLOCK_CAPTURE_AUTORELEASING = YES;
				CLANG_WARN_BOOL_CONVERSION = YES;
				CLANG_WARN_COMMA = YES;
				CLANG_WARN_CONSTANT_CONVERSION = YES;
				CLANG_WARN_DEPRECATED_OBJC_IMPLEMENTATIONS = YES;
				CLANG_WARN_DIRECT_OBJC_ISA_USAGE = YES_ERROR;
				CLANG_WARN_DOCUMENTATION_COMMENTS = YES;
				CLANG_WARN_EMPTY_BODY = YES;
				CLANG_WARN_ENUM_CONVERSION = YES;
				CLANG_WARN_INFINITE_RECURSION = YES;
				CLANG_WARN_INT_CONVERSION = YES;
				CLANG_WARN_NON_LITERAL_NULL_CONVERSION = YES;
				CLANG_WARN_OBJC_IMPLICIT_RETAIN_SELF = YES;
				CLANG_WARN_OBJC_LITERAL_CONVERSION = YES;
				CLANG_WARN_OBJC_ROOT_CLASS = YES_ERROR;
				CLANG_WARN_RANGE_LOOP_ANALYSIS = YES;
				CLANG_WARN_STRICT_PROTOTYPES = YES;
				CLANG_WARN_SUSPICIOUS_MOVE = YES;
				CLANG_WARN_UNGUARDED_AVAILABILITY = YES_AGGRESSIVE;
				CLANG_WARN_UNREACHABLE_CODE = YES;
				CLANG_WARN__DUPLICATE_METHOD_MATCH = YES;
				COPY_PHASE_STRIP = NO;
				DEBUG_INFORMATION_FORMAT = "dwarf-with-dsym";
				ENABLE_NS_ASSERTIONS = NO;
				ENABLE_STRICT_OBJC_MSGSEND = YES;
				GCC_C_LANGUAGE_STANDARD = gnu11;
				GCC_NO_COMMON_BLOCKS = YES;
				GCC_WARN_64_TO_32_BIT_CONVERSION = YES;
				GCC_WARN_ABOUT_RETURN_TYPE = YES_ERROR;
				GCC_WARN_UNDECLARED_SELECTOR = YES;
				GCC_WARN_UNINITIALIZED_AUTOS = YES_AGGRESSIVE;
				GCC_WARN_UNUSED_FUNCTION = YES;
				GCC_WARN_UNUSED_VARIABLE = YES;
				IPHONEOS_DEPLOYMENT_TARGET = 13.2;
				MTL_ENABLE_DEBUG_INFO = NO;
				MTL_FAST_MATH = YES;
				SDKROOT = iphoneos;
				SWIFT_COMPILATION_MODE = wholemodule;
				SWIFT_OPTIMIZATION_LEVEL = "-O";
				VALIDATE_PRODUCT = YES;
			};
			name = Release;
		};
		04A415A72443F1E60066859F /* Debug */ = {
			isa = XCBuildConfiguration;
			buildSettings = {
				ASSETCATALOG_COMPILER_APPICON_NAME = AppIcon;
				CODE_SIGN_STYLE = Automatic;
				DEVELOPMENT_TEAM = LPF3349M6Q;
				INFOPLIST_FILE = DataPersistance/Info.plist;
				LD_RUNPATH_SEARCH_PATHS = (
					"$(inherited)",
					"@executable_path/Frameworks",
				);
				PRODUCT_BUNDLE_IDENTIFIER = TLTech.DataPersistance;
				PRODUCT_NAME = "$(TARGET_NAME)";
				SWIFT_VERSION = 5.0;
				TARGETED_DEVICE_FAMILY = "1,2";
			};
			name = Debug;
		};
		04A415A82443F1E60066859F /* Release */ = {
			isa = XCBuildConfiguration;
			buildSettings = {
				ASSETCATALOG_COMPILER_APPICON_NAME = AppIcon;
				CODE_SIGN_STYLE = Automatic;
				DEVELOPMENT_TEAM = LPF3349M6Q;
				INFOPLIST_FILE = DataPersistance/Info.plist;
				LD_RUNPATH_SEARCH_PATHS = (
					"$(inherited)",
					"@executable_path/Frameworks",
				);
				PRODUCT_BUNDLE_IDENTIFIER = TLTech.DataPersistance;
				PRODUCT_NAME = "$(TARGET_NAME)";
				SWIFT_VERSION = 5.0;
				TARGETED_DEVICE_FAMILY = "1,2";
			};
			name = Release;
		};
		04A415AA2443F1E60066859F /* Debug */ = {
			isa = XCBuildConfiguration;
			buildSettings = {
				ALWAYS_EMBED_SWIFT_STANDARD_LIBRARIES = YES;
				BUNDLE_LOADER = "$(TEST_HOST)";
				CODE_SIGN_STYLE = Automatic;
				DEVELOPMENT_TEAM = LPF3349M6Q;
				INFOPLIST_FILE = DataPersistanceTests/Info.plist;
				IPHONEOS_DEPLOYMENT_TARGET = 13.2;
				LD_RUNPATH_SEARCH_PATHS = (
					"$(inherited)",
					"@executable_path/Frameworks",
					"@loader_path/Frameworks",
				);
				PRODUCT_BUNDLE_IDENTIFIER = TLTech.DataPersistanceTests;
				PRODUCT_NAME = "$(TARGET_NAME)";
				SWIFT_VERSION = 5.0;
				TARGETED_DEVICE_FAMILY = "1,2";
				TEST_HOST = "$(BUILT_PRODUCTS_DIR)/DataPersistance.app/DataPersistance";
			};
			name = Debug;
		};
		04A415AB2443F1E60066859F /* Release */ = {
			isa = XCBuildConfiguration;
			buildSettings = {
				ALWAYS_EMBED_SWIFT_STANDARD_LIBRARIES = YES;
				BUNDLE_LOADER = "$(TEST_HOST)";
				CODE_SIGN_STYLE = Automatic;
				DEVELOPMENT_TEAM = LPF3349M6Q;
				INFOPLIST_FILE = DataPersistanceTests/Info.plist;
				IPHONEOS_DEPLOYMENT_TARGET = 13.2;
				LD_RUNPATH_SEARCH_PATHS = (
					"$(inherited)",
					"@executable_path/Frameworks",
					"@loader_path/Frameworks",
				);
				PRODUCT_BUNDLE_IDENTIFIER = TLTech.DataPersistanceTests;
				PRODUCT_NAME = "$(TARGET_NAME)";
				SWIFT_VERSION = 5.0;
				TARGETED_DEVICE_FAMILY = "1,2";
				TEST_HOST = "$(BUILT_PRODUCTS_DIR)/DataPersistance.app/DataPersistance";
			};
			name = Release;
		};
		04A415AD2443F1E60066859F /* Debug */ = {
			isa = XCBuildConfiguration;
			buildSettings = {
				ALWAYS_EMBED_SWIFT_STANDARD_LIBRARIES = YES;
				CODE_SIGN_STYLE = Automatic;
				DEVELOPMENT_TEAM = LPF3349M6Q;
				INFOPLIST_FILE = DataPersistanceUITests/Info.plist;
				LD_RUNPATH_SEARCH_PATHS = (
					"$(inherited)",
					"@executable_path/Frameworks",
					"@loader_path/Frameworks",
				);
				PRODUCT_BUNDLE_IDENTIFIER = TLTech.DataPersistanceUITests;
				PRODUCT_NAME = "$(TARGET_NAME)";
				SWIFT_VERSION = 5.0;
				TARGETED_DEVICE_FAMILY = "1,2";
				TEST_TARGET_NAME = DataPersistance;
			};
			name = Debug;
		};
		04A415AE2443F1E60066859F /* Release */ = {
			isa = XCBuildConfiguration;
			buildSettings = {
				ALWAYS_EMBED_SWIFT_STANDARD_LIBRARIES = YES;
				CODE_SIGN_STYLE = Automatic;
				DEVELOPMENT_TEAM = LPF3349M6Q;
				INFOPLIST_FILE = DataPersistanceUITests/Info.plist;
				LD_RUNPATH_SEARCH_PATHS = (
					"$(inherited)",
					"@executable_path/Frameworks",
					"@loader_path/Frameworks",
				);
				PRODUCT_BUNDLE_IDENTIFIER = TLTech.DataPersistanceUITests;
				PRODUCT_NAME = "$(TARGET_NAME)";
				SWIFT_VERSION = 5.0;
				TARGETED_DEVICE_FAMILY = "1,2";
				TEST_TARGET_NAME = DataPersistance;
			};
			name = Release;
		};
/* End XCBuildConfiguration section */

/* Begin XCConfigurationList section */
		04A415772443F1E40066859F /* Build configuration list for PBXProject "DataPersistance" */ = {
			isa = XCConfigurationList;
			buildConfigurations = (
				04A415A42443F1E60066859F /* Debug */,
				04A415A52443F1E60066859F /* Release */,
			);
			defaultConfigurationIsVisible = 0;
			defaultConfigurationName = Release;
		};
		04A415A62443F1E60066859F /* Build configuration list for PBXNativeTarget "DataPersistance" */ = {
			isa = XCConfigurationList;
			buildConfigurations = (
				04A415A72443F1E60066859F /* Debug */,
				04A415A82443F1E60066859F /* Release */,
			);
			defaultConfigurationIsVisible = 0;
			defaultConfigurationName = Release;
		};
		04A415A92443F1E60066859F /* Build configuration list for PBXNativeTarget "DataPersistanceTests" */ = {
			isa = XCConfigurationList;
			buildConfigurations = (
				04A415AA2443F1E60066859F /* Debug */,
				04A415AB2443F1E60066859F /* Release */,
			);
			defaultConfigurationIsVisible = 0;
			defaultConfigurationName = Release;
		};
		04A415AC2443F1E60066859F /* Build configuration list for PBXNativeTarget "DataPersistanceUITests" */ = {
			isa = XCConfigurationList;
			buildConfigurations = (
				04A415AD2443F1E60066859F /* Debug */,
				04A415AE2443F1E60066859F /* Release */,
			);
			defaultConfigurationIsVisible = 0;
			defaultConfigurationName = Release;
		};
/* End XCConfigurationList section */
	};
	rootObject = 04A415742443F1E40066859F /* Project object */;
}
