// !$*UTF8*$!
{
	archiveVersion = 1;
	classes = {
	};
	objectVersion = 51;
	objects = {

/* Begin PBXBuildFile section */
		04277CF7246F771100FECA7D /* MiniCollectionViewCell.swift in Sources */ = {isa = PBXBuildFile; fileRef = 04277CF6246F771100FECA7D /* MiniCollectionViewCell.swift */; };
		04277CF9246F7D4600FECA7D /* CollectionViewCell.swift in Sources */ = {isa = PBXBuildFile; fileRef = 04277CF8246F7D4600FECA7D /* CollectionViewCell.swift */; };
		046BE518247DFA4000B5D9A9 /* SubOrderView.swift in Sources */ = {isa = PBXBuildFile; fileRef = 046BE517247DFA4000B5D9A9 /* SubOrderView.swift */; };
		046BE51A247E3FA500B5D9A9 /* HistoryView.swift in Sources */ = {isa = PBXBuildFile; fileRef = 046BE519247E3FA500B5D9A9 /* HistoryView.swift */; };
		046BE51C247E55B700B5D9A9 /* HistoryVC.swift in Sources */ = {isa = PBXBuildFile; fileRef = 046BE51B247E55B700B5D9A9 /* HistoryVC.swift */; };
		0470FDD92480FAB000D46BD2 /* SingleLine.swift in Sources */ = {isa = PBXBuildFile; fileRef = 0470FDD82480FAB000D46BD2 /* SingleLine.swift */; };
		04729218246F8E31007D0498 /* SearchBar.swift in Sources */ = {isa = PBXBuildFile; fileRef = 04729217246F8E31007D0498 /* SearchBar.swift */; };
		0472921A246FBF64007D0498 /* CollectionReusableView.swift in Sources */ = {isa = PBXBuildFile; fileRef = 04729219246FBF64007D0498 /* CollectionReusableView.swift */; };
		0472921C246FD6F7007D0498 /* LeftTableViewCell.swift in Sources */ = {isa = PBXBuildFile; fileRef = 0472921B246FD6F7007D0498 /* LeftTableViewCell.swift */; };
		0472921E246FD700007D0498 /* RightTableViewCell.swift in Sources */ = {isa = PBXBuildFile; fileRef = 0472921D246FD700007D0498 /* RightTableViewCell.swift */; };
		04AA6938246E77E500F93605 /* Banner.swift in Sources */ = {isa = PBXBuildFile; fileRef = 04AA6937246E77E500F93605 /* Banner.swift */; };
		04AA6941246E924D00F93605 /* UIColor+Extension.swift in Sources */ = {isa = PBXBuildFile; fileRef = 04AA6940246E924D00F93605 /* UIColor+Extension.swift */; };
		04B1FD7124721701008A6C4D /* CargoCell.swift in Sources */ = {isa = PBXBuildFile; fileRef = 04B1FD7024721701008A6C4D /* CargoCell.swift */; };
		04B1FD7524726CF8008A6C4D /* Foundation+Extension.swift in Sources */ = {isa = PBXBuildFile; fileRef = 04B1FD7424726CF8008A6C4D /* Foundation+Extension.swift */; };
		04B1FD772472709E008A6C4D /* UIFont+Extension.swift in Sources */ = {isa = PBXBuildFile; fileRef = 04B1FD762472709E008A6C4D /* UIFont+Extension.swift */; };
		04B1FD79247270C8008A6C4D /* UIScreen+Extension.swift in Sources */ = {isa = PBXBuildFile; fileRef = 04B1FD78247270C8008A6C4D /* UIScreen+Extension.swift */; };
		04B1FD7B247270EE008A6C4D /* UIDevice+Extension.swift in Sources */ = {isa = PBXBuildFile; fileRef = 04B1FD7A247270EE008A6C4D /* UIDevice+Extension.swift */; };
		04B1FD8B2472789F008A6C4D /* BottomView.swift in Sources */ = {isa = PBXBuildFile; fileRef = 04B1FD8A2472789F008A6C4D /* BottomView.swift */; };
		04B991732473C89F00E820CB /* MainPageDetailVC.swift in Sources */ = {isa = PBXBuildFile; fileRef = 04B991722473C89F00E820CB /* MainPageDetailVC.swift */; };
		04C1908D247B515C0024CF66 /* UIImage+Extension.swift in Sources */ = {isa = PBXBuildFile; fileRef = 04C1908C247B515C0024CF66 /* UIImage+Extension.swift */; };
		04C1908F247B997D0024CF66 /* BalanceVC.swift in Sources */ = {isa = PBXBuildFile; fileRef = 04C1908E247B997D0024CF66 /* BalanceVC.swift */; };
		04C19091247B9DBC0024CF66 /* LocationView.swift in Sources */ = {isa = PBXBuildFile; fileRef = 04C19090247B9DBC0024CF66 /* LocationView.swift */; };
		04C19093247BA8060024CF66 /* DetailView.swift in Sources */ = {isa = PBXBuildFile; fileRef = 04C19092247BA8060024CF66 /* DetailView.swift */; };
		04CA72832474BD5100CC90AB /* ProductDetailVC.swift in Sources */ = {isa = PBXBuildFile; fileRef = 04CA72822474BD5100CC90AB /* ProductDetailVC.swift */; };
		A4E0672049FA5A94FFD7D6E9 /* Pods_WeeLinkPro1.framework in Frameworks */ = {isa = PBXBuildFile; fileRef = 17245B7C540FC608721D29B1 /* Pods_WeeLinkPro1.framework */; };
		CF63364C246D79C000FAC724 /* AppDelegate.swift in Sources */ = {isa = PBXBuildFile; fileRef = CF63364B246D79C000FAC724 /* AppDelegate.swift */; };
		CF63364E246D79C000FAC724 /* SceneDelegate.swift in Sources */ = {isa = PBXBuildFile; fileRef = CF63364D246D79C000FAC724 /* SceneDelegate.swift */; };
		CF633650246D79C000FAC724 /* HomeVC.swift in Sources */ = {isa = PBXBuildFile; fileRef = CF63364F246D79C000FAC724 /* HomeVC.swift */; };
		CF633653246D79C000FAC724 /* Main.storyboard in Resources */ = {isa = PBXBuildFile; fileRef = CF633651246D79C000FAC724 /* Main.storyboard */; };
		CF633655246D79C500FAC724 /* Assets.xcassets in Resources */ = {isa = PBXBuildFile; fileRef = CF633654246D79C500FAC724 /* Assets.xcassets */; };
		CF633658246D79C500FAC724 /* LaunchScreen.storyboard in Resources */ = {isa = PBXBuildFile; fileRef = CF633656246D79C500FAC724 /* LaunchScreen.storyboard */; };
		CF633663246D79C500FAC724 /* WeeLinkPro1Tests.swift in Sources */ = {isa = PBXBuildFile; fileRef = CF633662246D79C500FAC724 /* WeeLinkPro1Tests.swift */; };
		CF63366E246D79C600FAC724 /* WeeLinkPro1UITests.swift in Sources */ = {isa = PBXBuildFile; fileRef = CF63366D246D79C600FAC724 /* WeeLinkPro1UITests.swift */; };
		CF63367C246D7CA500FAC724 /* MainPageVC.swift in Sources */ = {isa = PBXBuildFile; fileRef = CF63367B246D7CA500FAC724 /* MainPageVC.swift */; };
		CF63367E246D7CBC00FAC724 /* CategoryVC.swift in Sources */ = {isa = PBXBuildFile; fileRef = CF63367D246D7CBC00FAC724 /* CategoryVC.swift */; };
		CF633680246D7CD100FAC724 /* CargoVC.swift in Sources */ = {isa = PBXBuildFile; fileRef = CF63367F246D7CD100FAC724 /* CargoVC.swift */; };
		CF633682246D7D8E00FAC724 /* OrderFormVC.swift in Sources */ = {isa = PBXBuildFile; fileRef = CF633681246D7D8E00FAC724 /* OrderFormVC.swift */; };
		CF9302D9247A2ECD003468F8 /* PictureVC.swift in Sources */ = {isa = PBXBuildFile; fileRef = CF9302D8247A2ECD003468F8 /* PictureVC.swift */; };
/* End PBXBuildFile section */

/* Begin PBXContainerItemProxy section */
		CF63365F246D79C500FAC724 /* PBXContainerItemProxy */ = {
			isa = PBXContainerItemProxy;
			containerPortal = CF633640246D79C000FAC724 /* Project object */;
			proxyType = 1;
			remoteGlobalIDString = CF633647246D79C000FAC724;
			remoteInfo = WeeLinkPro1;
		};
		CF63366A246D79C600FAC724 /* PBXContainerItemProxy */ = {
			isa = PBXContainerItemProxy;
			containerPortal = CF633640246D79C000FAC724 /* Project object */;
			proxyType = 1;
			remoteGlobalIDString = CF633647246D79C000FAC724;
			remoteInfo = WeeLinkPro1;
		};
/* End PBXContainerItemProxy section */

/* Begin PBXFileReference section */
		04277CF6246F771100FECA7D /* MiniCollectionViewCell.swift */ = {isa = PBXFileReference; lastKnownFileType = sourcecode.swift; path = MiniCollectionViewCell.swift; sourceTree = "<group>"; };
		04277CF8246F7D4600FECA7D /* CollectionViewCell.swift */ = {isa = PBXFileReference; lastKnownFileType = sourcecode.swift; path = CollectionViewCell.swift; sourceTree = "<group>"; };
		046BE517247DFA4000B5D9A9 /* SubOrderView.swift */ = {isa = PBXFileReference; lastKnownFileType = sourcecode.swift; path = SubOrderView.swift; sourceTree = "<group>"; };
		046BE519247E3FA500B5D9A9 /* HistoryView.swift */ = {isa = PBXFileReference; lastKnownFileType = sourcecode.swift; path = HistoryView.swift; sourceTree = "<group>"; };
		046BE51B247E55B700B5D9A9 /* HistoryVC.swift */ = {isa = PBXFileReference; lastKnownFileType = sourcecode.swift; path = HistoryVC.swift; sourceTree = "<group>"; };
		0470FDD82480FAB000D46BD2 /* SingleLine.swift */ = {isa = PBXFileReference; lastKnownFileType = sourcecode.swift; path = SingleLine.swift; sourceTree = "<group>"; };
		04729217246F8E31007D0498 /* SearchBar.swift */ = {isa = PBXFileReference; lastKnownFileType = sourcecode.swift; path = SearchBar.swift; sourceTree = "<group>"; };
		04729219246FBF64007D0498 /* CollectionReusableView.swift */ = {isa = PBXFileReference; lastKnownFileType = sourcecode.swift; path = CollectionReusableView.swift; sourceTree = "<group>"; };
		0472921B246FD6F7007D0498 /* LeftTableViewCell.swift */ = {isa = PBXFileReference; lastKnownFileType = sourcecode.swift; path = LeftTableViewCell.swift; sourceTree = "<group>"; };
		0472921D246FD700007D0498 /* RightTableViewCell.swift */ = {isa = PBXFileReference; lastKnownFileType = sourcecode.swift; path = RightTableViewCell.swift; sourceTree = "<group>"; };
		04AA6937246E77E500F93605 /* Banner.swift */ = {isa = PBXFileReference; lastKnownFileType = sourcecode.swift; path = Banner.swift; sourceTree = "<group>"; };
		04AA6940246E924D00F93605 /* UIColor+Extension.swift */ = {isa = PBXFileReference; lastKnownFileType = sourcecode.swift; path = "UIColor+Extension.swift"; sourceTree = "<group>"; };
		04B1FD7024721701008A6C4D /* CargoCell.swift */ = {isa = PBXFileReference; lastKnownFileType = sourcecode.swift; path = CargoCell.swift; sourceTree = "<group>"; };
		04B1FD7424726CF8008A6C4D /* Foundation+Extension.swift */ = {isa = PBXFileReference; lastKnownFileType = sourcecode.swift; path = "Foundation+Extension.swift"; sourceTree = "<group>"; };
		04B1FD762472709E008A6C4D /* UIFont+Extension.swift */ = {isa = PBXFileReference; fileEncoding = 4; lastKnownFileType = sourcecode.swift; path = "UIFont+Extension.swift"; sourceTree = "<group>"; };
		04B1FD78247270C8008A6C4D /* UIScreen+Extension.swift */ = {isa = PBXFileReference; fileEncoding = 4; lastKnownFileType = sourcecode.swift; path = "UIScreen+Extension.swift"; sourceTree = "<group>"; };
		04B1FD7A247270EE008A6C4D /* UIDevice+Extension.swift */ = {isa = PBXFileReference; fileEncoding = 4; lastKnownFileType = sourcecode.swift; path = "UIDevice+Extension.swift"; sourceTree = "<group>"; };
		04B1FD8A2472789F008A6C4D /* BottomView.swift */ = {isa = PBXFileReference; lastKnownFileType = sourcecode.swift; path = BottomView.swift; sourceTree = "<group>"; };
		04B991722473C89F00E820CB /* MainPageDetailVC.swift */ = {isa = PBXFileReference; lastKnownFileType = sourcecode.swift; path = MainPageDetailVC.swift; sourceTree = "<group>"; };
		04C1908C247B515C0024CF66 /* UIImage+Extension.swift */ = {isa = PBXFileReference; lastKnownFileType = sourcecode.swift; path = "UIImage+Extension.swift"; sourceTree = "<group>"; };
		04C1908E247B997D0024CF66 /* BalanceVC.swift */ = {isa = PBXFileReference; lastKnownFileType = sourcecode.swift; path = BalanceVC.swift; sourceTree = "<group>"; };
		04C19090247B9DBC0024CF66 /* LocationView.swift */ = {isa = PBXFileReference; lastKnownFileType = sourcecode.swift; path = LocationView.swift; sourceTree = "<group>"; };
		04C19092247BA8060024CF66 /* DetailView.swift */ = {isa = PBXFileReference; lastKnownFileType = sourcecode.swift; path = DetailView.swift; sourceTree = "<group>"; };
		04CA72822474BD5100CC90AB /* ProductDetailVC.swift */ = {isa = PBXFileReference; lastKnownFileType = sourcecode.swift; path = ProductDetailVC.swift; sourceTree = "<group>"; };
		17245B7C540FC608721D29B1 /* Pods_WeeLinkPro1.framework */ = {isa = PBXFileReference; explicitFileType = wrapper.framework; includeInIndex = 0; path = Pods_WeeLinkPro1.framework; sourceTree = BUILT_PRODUCTS_DIR; };
		545C467D5C95E0B933581B49 /* Pods-WeeLinkPro1.debug.xcconfig */ = {isa = PBXFileReference; includeInIndex = 1; lastKnownFileType = text.xcconfig; name = "Pods-WeeLinkPro1.debug.xcconfig"; path = "Pods/Target Support Files/Pods-WeeLinkPro1/Pods-WeeLinkPro1.debug.xcconfig"; sourceTree = "<group>"; };
		CB746CF6A0A304DB97EAFD71 /* Pods-WeeLinkPro1.release.xcconfig */ = {isa = PBXFileReference; includeInIndex = 1; lastKnownFileType = text.xcconfig; name = "Pods-WeeLinkPro1.release.xcconfig"; path = "Pods/Target Support Files/Pods-WeeLinkPro1/Pods-WeeLinkPro1.release.xcconfig"; sourceTree = "<group>"; };
		CF633648246D79C000FAC724 /* WeeLinkPro1.app */ = {isa = PBXFileReference; explicitFileType = wrapper.application; includeInIndex = 0; path = WeeLinkPro1.app; sourceTree = BUILT_PRODUCTS_DIR; };
		CF63364B246D79C000FAC724 /* AppDelegate.swift */ = {isa = PBXFileReference; lastKnownFileType = sourcecode.swift; path = AppDelegate.swift; sourceTree = "<group>"; };
		CF63364D246D79C000FAC724 /* SceneDelegate.swift */ = {isa = PBXFileReference; lastKnownFileType = sourcecode.swift; path = SceneDelegate.swift; sourceTree = "<group>"; };
		CF63364F246D79C000FAC724 /* HomeVC.swift */ = {isa = PBXFileReference; lastKnownFileType = sourcecode.swift; path = HomeVC.swift; sourceTree = "<group>"; };
		CF633652246D79C000FAC724 /* Base */ = {isa = PBXFileReference; lastKnownFileType = file.storyboard; name = Base; path = Base.lproj/Main.storyboard; sourceTree = "<group>"; };
		CF633654246D79C500FAC724 /* Assets.xcassets */ = {isa = PBXFileReference; lastKnownFileType = folder.assetcatalog; path = Assets.xcassets; sourceTree = "<group>"; };
		CF633657246D79C500FAC724 /* Base */ = {isa = PBXFileReference; lastKnownFileType = file.storyboard; name = Base; path = Base.lproj/LaunchScreen.storyboard; sourceTree = "<group>"; };
		CF633659246D79C500FAC724 /* Info.plist */ = {isa = PBXFileReference; lastKnownFileType = text.plist.xml; path = Info.plist; sourceTree = "<group>"; };
		CF63365E246D79C500FAC724 /* WeeLinkPro1Tests.xctest */ = {isa = PBXFileReference; explicitFileType = wrapper.cfbundle; includeInIndex = 0; path = WeeLinkPro1Tests.xctest; sourceTree = BUILT_PRODUCTS_DIR; };
		CF633662246D79C500FAC724 /* WeeLinkPro1Tests.swift */ = {isa = PBXFileReference; lastKnownFileType = sourcecode.swift; path = WeeLinkPro1Tests.swift; sourceTree = "<group>"; };
		CF633664246D79C500FAC724 /* Info.plist */ = {isa = PBXFileReference; lastKnownFileType = text.plist.xml; path = Info.plist; sourceTree = "<group>"; };
		CF633669246D79C600FAC724 /* WeeLinkPro1UITests.xctest */ = {isa = PBXFileReference; explicitFileType = wrapper.cfbundle; includeInIndex = 0; path = WeeLinkPro1UITests.xctest; sourceTree = BUILT_PRODUCTS_DIR; };
		CF63366D246D79C600FAC724 /* WeeLinkPro1UITests.swift */ = {isa = PBXFileReference; lastKnownFileType = sourcecode.swift; path = WeeLinkPro1UITests.swift; sourceTree = "<group>"; };
		CF63366F246D79C600FAC724 /* Info.plist */ = {isa = PBXFileReference; lastKnownFileType = text.plist.xml; path = Info.plist; sourceTree = "<group>"; };
		CF63367B246D7CA500FAC724 /* MainPageVC.swift */ = {isa = PBXFileReference; lastKnownFileType = sourcecode.swift; path = MainPageVC.swift; sourceTree = "<group>"; };
		CF63367D246D7CBC00FAC724 /* CategoryVC.swift */ = {isa = PBXFileReference; lastKnownFileType = sourcecode.swift; path = CategoryVC.swift; sourceTree = "<group>"; };
		CF63367F246D7CD100FAC724 /* CargoVC.swift */ = {isa = PBXFileReference; lastKnownFileType = sourcecode.swift; path = CargoVC.swift; sourceTree = "<group>"; };
		CF633681246D7D8E00FAC724 /* OrderFormVC.swift */ = {isa = PBXFileReference; lastKnownFileType = sourcecode.swift; path = OrderFormVC.swift; sourceTree = "<group>"; };
		CF9302D8247A2ECD003468F8 /* PictureVC.swift */ = {isa = PBXFileReference; lastKnownFileType = sourcecode.swift; path = PictureVC.swift; sourceTree = "<group>"; };
/* End PBXFileReference section */

/* Begin PBXFrameworksBuildPhase section */
		CF633645246D79C000FAC724 /* Frameworks */ = {
			isa = PBXFrameworksBuildPhase;
			buildActionMask = 2147483647;
			files = (
				A4E0672049FA5A94FFD7D6E9 /* Pods_WeeLinkPro1.framework in Frameworks */,
			);
			runOnlyForDeploymentPostprocessing = 0;
		};
		CF63365B246D79C500FAC724 /* Frameworks */ = {
			isa = PBXFrameworksBuildPhase;
			buildActionMask = 2147483647;
			files = (
			);
			runOnlyForDeploymentPostprocessing = 0;
		};
		CF633666246D79C600FAC724 /* Frameworks */ = {
			isa = PBXFrameworksBuildPhase;
			buildActionMask = 2147483647;
			files = (
			);
			runOnlyForDeploymentPostprocessing = 0;
		};
/* End PBXFrameworksBuildPhase section */

/* Begin PBXGroup section */
		04AA6922246E496C00F93605 /* Utils */ = {
			isa = PBXGroup;
			children = (
				0470FDD82480FAB000D46BD2 /* SingleLine.swift */,
			);
			path = Utils;
			sourceTree = "<group>";
		};
		04AA6923246E49DD00F93605 /* MainPage */ = {
			isa = PBXGroup;
			children = (
				04AA6936246E775A00F93605 /* ViewController */,
				04AA6935246E775400F93605 /* ViewModel */,
				04AA6934246E775000F93605 /* View */,
				04AA6933246E774C00F93605 /* Model */,
			);
			path = MainPage;
			sourceTree = "<group>";
		};
		04AA6924246E49E400F93605 /* Cargo */ = {
			isa = PBXGroup;
			children = (
				04AA6932246E774100F93605 /* ViewController */,
				04AA6931246E773B00F93605 /* ViewModel */,
				04AA6930246E773800F93605 /* View */,
				04AA692F246E773300F93605 /* Model */,
			);
			path = Cargo;
			sourceTree = "<group>";
		};
		04AA6925246E49F100F93605 /* Category */ = {
			isa = PBXGroup;
			children = (
				04AA692E246E772A00F93605 /* ViewController */,
				04AA692D246E772500F93605 /* ViewModel */,
				04AA692C246E772000F93605 /* View */,
				04AA692B246E771A00F93605 /* Model */,
			);
			path = Category;
			sourceTree = "<group>";
		};
		04AA6926246E49FA00F93605 /* OrderForm */ = {
			isa = PBXGroup;
			children = (
				04AA692A246E770600F93605 /* ViewController */,
				04AA6929246E76FE00F93605 /* ViewModel */,
				04AA6928246E4A0F00F93605 /* View */,
				04AA6927246E4A0800F93605 /* Model */,
			);
			path = OrderForm;
			sourceTree = "<group>";
		};
		04AA6927246E4A0800F93605 /* Model */ = {
			isa = PBXGroup;
			children = (
			);
			path = Model;
			sourceTree = "<group>";
		};
		04AA6928246E4A0F00F93605 /* View */ = {
			isa = PBXGroup;
			children = (
				046BE517247DFA4000B5D9A9 /* SubOrderView.swift */,
			);
			path = View;
			sourceTree = "<group>";
		};
		04AA6929246E76FE00F93605 /* ViewModel */ = {
			isa = PBXGroup;
			children = (
			);
			path = ViewModel;
			sourceTree = "<group>";
		};
		04AA692A246E770600F93605 /* ViewController */ = {
			isa = PBXGroup;
			children = (
				CF633681246D7D8E00FAC724 /* OrderFormVC.swift */,
			);
			path = ViewController;
			sourceTree = "<group>";
		};
		04AA692B246E771A00F93605 /* Model */ = {
			isa = PBXGroup;
			children = (
			);
			path = Model;
			sourceTree = "<group>";
		};
		04AA692C246E772000F93605 /* View */ = {
			isa = PBXGroup;
			children = (
				0472921B246FD6F7007D0498 /* LeftTableViewCell.swift */,
				0472921D246FD700007D0498 /* RightTableViewCell.swift */,
			);
			path = View;
			sourceTree = "<group>";
		};
		04AA692D246E772500F93605 /* ViewModel */ = {
			isa = PBXGroup;
			children = (
			);
			path = ViewModel;
			sourceTree = "<group>";
		};
		04AA692E246E772A00F93605 /* ViewController */ = {
			isa = PBXGroup;
			children = (
				CF63367D246D7CBC00FAC724 /* CategoryVC.swift */,
			);
			path = ViewController;
			sourceTree = "<group>";
		};
		04AA692F246E773300F93605 /* Model */ = {
			isa = PBXGroup;
			children = (
			);
			path = Model;
			sourceTree = "<group>";
		};
		04AA6930246E773800F93605 /* View */ = {
			isa = PBXGroup;
			children = (
				04B1FD7024721701008A6C4D /* CargoCell.swift */,
				04B1FD8A2472789F008A6C4D /* BottomView.swift */,
				04C19090247B9DBC0024CF66 /* LocationView.swift */,
				04C19092247BA8060024CF66 /* DetailView.swift */,
			);
			path = View;
			sourceTree = "<group>";
		};
		04AA6931246E773B00F93605 /* ViewModel */ = {
			isa = PBXGroup;
			children = (
			);
			path = ViewModel;
			sourceTree = "<group>";
		};
		04AA6932246E774100F93605 /* ViewController */ = {
			isa = PBXGroup;
			children = (
				CF63367F246D7CD100FAC724 /* CargoVC.swift */,
				04C1908E247B997D0024CF66 /* BalanceVC.swift */,
			);
			path = ViewController;
			sourceTree = "<group>";
		};
		04AA6933246E774C00F93605 /* Model */ = {
			isa = PBXGroup;
			children = (
			);
			path = Model;
			sourceTree = "<group>";
		};
		04AA6934246E775000F93605 /* View */ = {
			isa = PBXGroup;
			children = (
				04AA6937246E77E500F93605 /* Banner.swift */,
				046BE519247E3FA500B5D9A9 /* HistoryView.swift */,
				04277CF6246F771100FECA7D /* MiniCollectionViewCell.swift */,
				04277CF8246F7D4600FECA7D /* CollectionViewCell.swift */,
				04729217246F8E31007D0498 /* SearchBar.swift */,
				04729219246FBF64007D0498 /* CollectionReusableView.swift */,
			);
			path = View;
			sourceTree = "<group>";
		};
		04AA6935246E775400F93605 /* ViewModel */ = {
			isa = PBXGroup;
			children = (
			);
			path = ViewModel;
			sourceTree = "<group>";
		};
		04AA6936246E775A00F93605 /* ViewController */ = {
			isa = PBXGroup;
			children = (
				CF63367B246D7CA500FAC724 /* MainPageVC.swift */,
				04B991722473C89F00E820CB /* MainPageDetailVC.swift */,
				04CA72822474BD5100CC90AB /* ProductDetailVC.swift */,
				CF9302D8247A2ECD003468F8 /* PictureVC.swift */,
				046BE51B247E55B700B5D9A9 /* HistoryVC.swift */,
			);
			path = ViewController;
			sourceTree = "<group>";
		};
		04AA693E246E916000F93605 /* AppMain */ = {
			isa = PBXGroup;
			children = (
				CF633651246D79C000FAC724 /* Main.storyboard */,
				CF633656246D79C500FAC724 /* LaunchScreen.storyboard */,
				CF63364B246D79C000FAC724 /* AppDelegate.swift */,
				CF63364D246D79C000FAC724 /* SceneDelegate.swift */,
				CF63364F246D79C000FAC724 /* HomeVC.swift */,
			);
			path = AppMain;
			sourceTree = "<group>";
		};
		04AA693F246E917900F93605 /* Extensions */ = {
			isa = PBXGroup;
			children = (
				04B1FD78247270C8008A6C4D /* UIScreen+Extension.swift */,
				04AA6940246E924D00F93605 /* UIColor+Extension.swift */,
				04B1FD7A247270EE008A6C4D /* UIDevice+Extension.swift */,
				04B1FD7424726CF8008A6C4D /* Foundation+Extension.swift */,
				04B1FD762472709E008A6C4D /* UIFont+Extension.swift */,
				04C1908C247B515C0024CF66 /* UIImage+Extension.swift */,
			);
			path = Extensions;
			sourceTree = "<group>";
		};
		04B1FD7C2472714B008A6C4D /* Resources */ = {
			isa = PBXGroup;
			children = (
				CF633654246D79C500FAC724 /* Assets.xcassets */,
				04B1FD7D24727158008A6C4D /* Font */,
			);
			path = Resources;
			sourceTree = "<group>";
		};
		04B1FD7D24727158008A6C4D /* Font */ = {
			isa = PBXGroup;
			children = (
			);
			name = Font;
			path = "../../../../项目/CameraDemo/CameraDemo/Resources/Font";
			sourceTree = "<group>";
		};
		5A9D4293419410990DA171E0 /* Pods */ = {
			isa = PBXGroup;
			children = (
				545C467D5C95E0B933581B49 /* Pods-WeeLinkPro1.debug.xcconfig */,
				CB746CF6A0A304DB97EAFD71 /* Pods-WeeLinkPro1.release.xcconfig */,
			);
			name = Pods;
			sourceTree = "<group>";
		};
		BE6D3AF11B49962BB918EF0D /* Frameworks */ = {
			isa = PBXGroup;
			children = (
				17245B7C540FC608721D29B1 /* Pods_WeeLinkPro1.framework */,
			);
			name = Frameworks;
			sourceTree = "<group>";
		};
		CF63363F246D79C000FAC724 = {
			isa = PBXGroup;
			children = (
				CF63364A246D79C000FAC724 /* WeeLinkPro1 */,
				CF633661246D79C500FAC724 /* WeeLinkPro1Tests */,
				CF63366C246D79C600FAC724 /* WeeLinkPro1UITests */,
				CF633649246D79C000FAC724 /* Products */,
				5A9D4293419410990DA171E0 /* Pods */,
				BE6D3AF11B49962BB918EF0D /* Frameworks */,
			);
			sourceTree = "<group>";
		};
		CF633649246D79C000FAC724 /* Products */ = {
			isa = PBXGroup;
			children = (
				CF633648246D79C000FAC724 /* WeeLinkPro1.app */,
				CF63365E246D79C500FAC724 /* WeeLinkPro1Tests.xctest */,
				CF633669246D79C600FAC724 /* WeeLinkPro1UITests.xctest */,
			);
			name = Products;
			sourceTree = "<group>";
		};
		CF63364A246D79C000FAC724 /* WeeLinkPro1 */ = {
			isa = PBXGroup;
			children = (
				04B1FD7C2472714B008A6C4D /* Resources */,
				04AA693F246E917900F93605 /* Extensions */,
				04AA693E246E916000F93605 /* AppMain */,
				04AA6922246E496C00F93605 /* Utils */,
				CF633683246D7D9300FAC724 /* Business */,
				CF633659246D79C500FAC724 /* Info.plist */,
			);
			path = WeeLinkPro1;
			sourceTree = "<group>";
		};
		CF633661246D79C500FAC724 /* WeeLinkPro1Tests */ = {
			isa = PBXGroup;
			children = (
				CF633662246D79C500FAC724 /* WeeLinkPro1Tests.swift */,
				CF633664246D79C500FAC724 /* Info.plist */,
			);
			path = WeeLinkPro1Tests;
			sourceTree = "<group>";
		};
		CF63366C246D79C600FAC724 /* WeeLinkPro1UITests */ = {
			isa = PBXGroup;
			children = (
				CF63366D246D79C600FAC724 /* WeeLinkPro1UITests.swift */,
				CF63366F246D79C600FAC724 /* Info.plist */,
			);
			path = WeeLinkPro1UITests;
			sourceTree = "<group>";
		};
		CF633683246D7D9300FAC724 /* Business */ = {
			isa = PBXGroup;
			children = (
				04AA6926246E49FA00F93605 /* OrderForm */,
				04AA6925246E49F100F93605 /* Category */,
				04AA6924246E49E400F93605 /* Cargo */,
				04AA6923246E49DD00F93605 /* MainPage */,
			);
			path = Business;
			sourceTree = "<group>";
		};
/* End PBXGroup section */

/* Begin PBXNativeTarget section */
		CF633647246D79C000FAC724 /* WeeLinkPro1 */ = {
			isa = PBXNativeTarget;
			buildConfigurationList = CF633672246D79C600FAC724 /* Build configuration list for PBXNativeTarget "WeeLinkPro1" */;
			buildPhases = (
				FCBFA2EFDD4666C1873115F5 /* [CP] Check Pods Manifest.lock */,
				CF633644246D79C000FAC724 /* Sources */,
				CF633645246D79C000FAC724 /* Frameworks */,
				CF633646246D79C000FAC724 /* Resources */,
				A1D80F5BAD9E2590C0CFE385 /* [CP] Embed Pods Frameworks */,
			);
			buildRules = (
			);
			dependencies = (
			);
			name = WeeLinkPro1;
			productName = WeeLinkPro1;
			productReference = CF633648246D79C000FAC724 /* WeeLinkPro1.app */;
			productType = "com.apple.product-type.application";
		};
		CF63365D246D79C500FAC724 /* WeeLinkPro1Tests */ = {
			isa = PBXNativeTarget;
			buildConfigurationList = CF633675246D79C600FAC724 /* Build configuration list for PBXNativeTarget "WeeLinkPro1Tests" */;
			buildPhases = (
				CF63365A246D79C500FAC724 /* Sources */,
				CF63365B246D79C500FAC724 /* Frameworks */,
				CF63365C246D79C500FAC724 /* Resources */,
			);
			buildRules = (
			);
			dependencies = (
				CF633660246D79C500FAC724 /* PBXTargetDependency */,
			);
			name = WeeLinkPro1Tests;
			productName = WeeLinkPro1Tests;
			productReference = CF63365E246D79C500FAC724 /* WeeLinkPro1Tests.xctest */;
			productType = "com.apple.product-type.bundle.unit-test";
		};
		CF633668246D79C600FAC724 /* WeeLinkPro1UITests */ = {
			isa = PBXNativeTarget;
			buildConfigurationList = CF633678246D79C600FAC724 /* Build configuration list for PBXNativeTarget "WeeLinkPro1UITests" */;
			buildPhases = (
				CF633665246D79C600FAC724 /* Sources */,
				CF633666246D79C600FAC724 /* Frameworks */,
				CF633667246D79C600FAC724 /* Resources */,
			);
			buildRules = (
			);
			dependencies = (
				CF63366B246D79C600FAC724 /* PBXTargetDependency */,
			);
			name = WeeLinkPro1UITests;
			productName = WeeLinkPro1UITests;
			productReference = CF633669246D79C600FAC724 /* WeeLinkPro1UITests.xctest */;
			productType = "com.apple.product-type.bundle.ui-testing";
		};
/* End PBXNativeTarget section */

/* Begin PBXProject section */
		CF633640246D79C000FAC724 /* Project object */ = {
			isa = PBXProject;
			attributes = {
				LastSwiftUpdateCheck = 1130;
				LastUpgradeCheck = 1130;
				ORGANIZATIONNAME = "Liu Tao";
				TargetAttributes = {
					CF633647246D79C000FAC724 = {
						CreatedOnToolsVersion = 11.3.1;
					};
					CF63365D246D79C500FAC724 = {
						CreatedOnToolsVersion = 11.3.1;
						TestTargetID = CF633647246D79C000FAC724;
					};
					CF633668246D79C600FAC724 = {
						CreatedOnToolsVersion = 11.3.1;
						TestTargetID = CF633647246D79C000FAC724;
					};
				};
			};
			buildConfigurationList = CF633643246D79C000FAC724 /* Build configuration list for PBXProject "WeeLinkPro1" */;
			compatibilityVersion = "Xcode 9.3";
			developmentRegion = en;
			hasScannedForEncodings = 0;
			knownRegions = (
				en,
				Base,
			);
			mainGroup = CF63363F246D79C000FAC724;
			productRefGroup = CF633649246D79C000FAC724 /* Products */;
			projectDirPath = "";
			projectRoot = "";
			targets = (
				CF633647246D79C000FAC724 /* WeeLinkPro1 */,
				CF63365D246D79C500FAC724 /* WeeLinkPro1Tests */,
				CF633668246D79C600FAC724 /* WeeLinkPro1UITests */,
			);
		};
/* End PBXProject section */

/* Begin PBXResourcesBuildPhase section */
		CF633646246D79C000FAC724 /* Resources */ = {
			isa = PBXResourcesBuildPhase;
			buildActionMask = 2147483647;
			files = (
				CF633658246D79C500FAC724 /* LaunchScreen.storyboard in Resources */,
				CF633655246D79C500FAC724 /* Assets.xcassets in Resources */,
				CF633653246D79C000FAC724 /* Main.storyboard in Resources */,
			);
			runOnlyForDeploymentPostprocessing = 0;
		};
		CF63365C246D79C500FAC724 /* Resources */ = {
			isa = PBXResourcesBuildPhase;
			buildActionMask = 2147483647;
			files = (
			);
			runOnlyForDeploymentPostprocessing = 0;
		};
		CF633667246D79C600FAC724 /* Resources */ = {
			isa = PBXResourcesBuildPhase;
			buildActionMask = 2147483647;
			files = (
			);
			runOnlyForDeploymentPostprocessing = 0;
		};
/* End PBXResourcesBuildPhase section */

/* Begin PBXShellScriptBuildPhase section */
		A1D80F5BAD9E2590C0CFE385 /* [CP] Embed Pods Frameworks */ = {
			isa = PBXShellScriptBuildPhase;
			buildActionMask = 2147483647;
			files = (
			);
			inputFileListPaths = (
				"${PODS_ROOT}/Target Support Files/Pods-WeeLinkPro1/Pods-WeeLinkPro1-frameworks-${CONFIGURATION}-input-files.xcfilelist",
			);
			name = "[CP] Embed Pods Frameworks";
			outputFileListPaths = (
				"${PODS_ROOT}/Target Support Files/Pods-WeeLinkPro1/Pods-WeeLinkPro1-frameworks-${CONFIGURATION}-output-files.xcfilelist",
			);
			runOnlyForDeploymentPostprocessing = 0;
			shellPath = /bin/sh;
			shellScript = "\"${PODS_ROOT}/Target Support Files/Pods-WeeLinkPro1/Pods-WeeLinkPro1-frameworks.sh\"\n";
			showEnvVarsInLog = 0;
		};
		FCBFA2EFDD4666C1873115F5 /* [CP] Check Pods Manifest.lock */ = {
			isa = PBXShellScriptBuildPhase;
			buildActionMask = 2147483647;
			files = (
			);
			inputFileListPaths = (
			);
			inputPaths = (
				"${PODS_PODFILE_DIR_PATH}/Podfile.lock",
				"${PODS_ROOT}/Manifest.lock",
			);
			name = "[CP] Check Pods Manifest.lock";
			outputFileListPaths = (
			);
			outputPaths = (
				"$(DERIVED_FILE_DIR)/Pods-WeeLinkPro1-checkManifestLockResult.txt",
			);
			runOnlyForDeploymentPostprocessing = 0;
			shellPath = /bin/sh;
			shellScript = "diff \"${PODS_PODFILE_DIR_PATH}/Podfile.lock\" \"${PODS_ROOT}/Manifest.lock\" > /dev/null\nif [ $? != 0 ] ; then\n    # print error to STDERR\n    echo \"error: The sandbox is not in sync with the Podfile.lock. Run 'pod install' or update your CocoaPods installation.\" >&2\n    exit 1\nfi\n# This output is used by Xcode 'outputs' to avoid re-running this script phase.\necho \"SUCCESS\" > \"${SCRIPT_OUTPUT_FILE_0}\"\n";
			showEnvVarsInLog = 0;
		};
/* End PBXShellScriptBuildPhase section */

/* Begin PBXSourcesBuildPhase section */
		CF633644246D79C000FAC724 /* Sources */ = {
			isa = PBXSourcesBuildPhase;
			buildActionMask = 2147483647;
			files = (
				CF633682246D7D8E00FAC724 /* OrderFormVC.swift in Sources */,
				046BE51C247E55B700B5D9A9 /* HistoryVC.swift in Sources */,
				CF633650246D79C000FAC724 /* HomeVC.swift in Sources */,
				CF633680246D7CD100FAC724 /* CargoVC.swift in Sources */,
				0472921A246FBF64007D0498 /* CollectionReusableView.swift in Sources */,
				04AA6941246E924D00F93605 /* UIColor+Extension.swift in Sources */,
				0472921E246FD700007D0498 /* RightTableViewCell.swift in Sources */,
				04B1FD772472709E008A6C4D /* UIFont+Extension.swift in Sources */,
				046BE51A247E3FA500B5D9A9 /* HistoryView.swift in Sources */,
				04B1FD7124721701008A6C4D /* CargoCell.swift in Sources */,
				CF63364C246D79C000FAC724 /* AppDelegate.swift in Sources */,
				04B991732473C89F00E820CB /* MainPageDetailVC.swift in Sources */,
				04729218246F8E31007D0498 /* SearchBar.swift in Sources */,
				CF63367C246D7CA500FAC724 /* MainPageVC.swift in Sources */,
				04B1FD79247270C8008A6C4D /* UIScreen+Extension.swift in Sources */,
				046BE518247DFA4000B5D9A9 /* SubOrderView.swift in Sources */,
				04C1908F247B997D0024CF66 /* BalanceVC.swift in Sources */,
				04AA6938246E77E500F93605 /* Banner.swift in Sources */,
				04B1FD7B247270EE008A6C4D /* UIDevice+Extension.swift in Sources */,
				CF63367E246D7CBC00FAC724 /* CategoryVC.swift in Sources */,
				04C19093247BA8060024CF66 /* DetailView.swift in Sources */,
				0470FDD92480FAB000D46BD2 /* SingleLine.swift in Sources */,
				CF63364E246D79C000FAC724 /* SceneDelegate.swift in Sources */,
				04C1908D247B515C0024CF66 /* UIImage+Extension.swift in Sources */,
				04B1FD7524726CF8008A6C4D /* Foundation+Extension.swift in Sources */,
				04CA72832474BD5100CC90AB /* ProductDetailVC.swift in Sources */,
				04277CF7246F771100FECA7D /* MiniCollectionViewCell.swift in Sources */,
				04B1FD8B2472789F008A6C4D /* BottomView.swift in Sources */,
				0472921C246FD6F7007D0498 /* LeftTableViewCell.swift in Sources */,
				04277CF9246F7D4600FECA7D /* CollectionViewCell.swift in Sources */,
				04C19091247B9DBC0024CF66 /* LocationView.swift in Sources */,
				CF9302D9247A2ECD003468F8 /* PictureVC.swift in Sources */,
			);
			runOnlyForDeploymentPostprocessing = 0;
		};
		CF63365A246D79C500FAC724 /* Sources */ = {
			isa = PBXSourcesBuildPhase;
			buildActionMask = 2147483647;
			files = (
				CF633663246D79C500FAC724 /* WeeLinkPro1Tests.swift in Sources */,
			);
			runOnlyForDeploymentPostprocessing = 0;
		};
		CF633665246D79C600FAC724 /* Sources */ = {
			isa = PBXSourcesBuildPhase;
			buildActionMask = 2147483647;
			files = (
				CF63366E246D79C600FAC724 /* WeeLinkPro1UITests.swift in Sources */,
			);
			runOnlyForDeploymentPostprocessing = 0;
		};
/* End PBXSourcesBuildPhase section */

/* Begin PBXTargetDependency section */
		CF633660246D79C500FAC724 /* PBXTargetDependency */ = {
			isa = PBXTargetDependency;
			target = CF633647246D79C000FAC724 /* WeeLinkPro1 */;
			targetProxy = CF63365F246D79C500FAC724 /* PBXContainerItemProxy */;
		};
		CF63366B246D79C600FAC724 /* PBXTargetDependency */ = {
			isa = PBXTargetDependency;
			target = CF633647246D79C000FAC724 /* WeeLinkPro1 */;
			targetProxy = CF63366A246D79C600FAC724 /* PBXContainerItemProxy */;
		};
/* End PBXTargetDependency section */

/* Begin PBXVariantGroup section */
		CF633651246D79C000FAC724 /* Main.storyboard */ = {
			isa = PBXVariantGroup;
			children = (
				CF633652246D79C000FAC724 /* Base */,
			);
			name = Main.storyboard;
			sourceTree = "<group>";
		};
		CF633656246D79C500FAC724 /* LaunchScreen.storyboard */ = {
			isa = PBXVariantGroup;
			children = (
				CF633657246D79C500FAC724 /* Base */,
			);
			name = LaunchScreen.storyboard;
			sourceTree = "<group>";
		};
/* End PBXVariantGroup section */

/* Begin XCBuildConfiguration section */
		CF633670246D79C600FAC724 /* Debug */ = {
			isa = XCBuildConfiguration;
			buildSettings = {
				ALWAYS_SEARCH_USER_PATHS = NO;
				CLANG_ANALYZER_NONNULL = YES;
				CLANG_ANALYZER_NUMBER_OBJECT_CONVERSION = YES_AGGRESSIVE;
				CLANG_CXX_LANGUAGE_STANDARD = "gnu++14";
				CLANG_CXX_LIBRARY = "libc++";
				CLANG_ENABLE_MODULES = YES;
				CLANG_ENABLE_OBJC_ARC = YES;
				CLANG_ENABLE_OBJC_WEAK = YES;
				CLANG_WARN_BLOCK_CAPTURE_AUTORELEASING = YES;
				CLANG_WARN_BOOL_CONVERSION = YES;
				CLANG_WARN_COMMA = YES;
				CLANG_WARN_CONSTANT_CONVERSION = YES;
				CLANG_WARN_DEPRECATED_OBJC_IMPLEMENTATIONS = YES;
				CLANG_WARN_DIRECT_OBJC_ISA_USAGE = YES_ERROR;
				CLANG_WARN_DOCUMENTATION_COMMENTS = YES;
				CLANG_WARN_EMPTY_BODY = YES;
				CLANG_WARN_ENUM_CONVERSION = YES;
				CLANG_WARN_INFINITE_RECURSION = YES;
				CLANG_WARN_INT_CONVERSION = YES;
				CLANG_WARN_NON_LITERAL_NULL_CONVERSION = YES;
				CLANG_WARN_OBJC_IMPLICIT_RETAIN_SELF = YES;
				CLANG_WARN_OBJC_LITERAL_CONVERSION = YES;
				CLANG_WARN_OBJC_ROOT_CLASS = YES_ERROR;
				CLANG_WARN_RANGE_LOOP_ANALYSIS = YES;
				CLANG_WARN_STRICT_PROTOTYPES = YES;
				CLANG_WARN_SUSPICIOUS_MOVE = YES;
				CLANG_WARN_UNGUARDED_AVAILABILITY = YES_AGGRESSIVE;
				CLANG_WARN_UNREACHABLE_CODE = YES;
				CLANG_WARN__DUPLICATE_METHOD_MATCH = YES;
				COPY_PHASE_STRIP = NO;
				DEBUG_INFORMATION_FORMAT = dwarf;
				ENABLE_STRICT_OBJC_MSGSEND = YES;
				ENABLE_TESTABILITY = YES;
				GCC_C_LANGUAGE_STANDARD = gnu11;
				GCC_DYNAMIC_NO_PIC = NO;
				GCC_NO_COMMON_BLOCKS = YES;
				GCC_OPTIMIZATION_LEVEL = 0;
				GCC_PREPROCESSOR_DEFINITIONS = (
					"DEBUG=1",
					"$(inherited)",
				);
				GCC_WARN_64_TO_32_BIT_CONVERSION = YES;
				GCC_WARN_ABOUT_RETURN_TYPE = YES_ERROR;
				GCC_WARN_UNDECLARED_SELECTOR = YES;
				GCC_WARN_UNINITIALIZED_AUTOS = YES_AGGRESSIVE;
				GCC_WARN_UNUSED_FUNCTION = YES;
				GCC_WARN_UNUSED_VARIABLE = YES;
				IPHONEOS_DEPLOYMENT_TARGET = 13.2;
				MTL_ENABLE_DEBUG_INFO = INCLUDE_SOURCE;
				MTL_FAST_MATH = YES;
				ONLY_ACTIVE_ARCH = YES;
				SDKROOT = iphoneos;
				SWIFT_ACTIVE_COMPILATION_CONDITIONS = DEBUG;
				SWIFT_OPTIMIZATION_LEVEL = "-Onone";
			};
			name = Debug;
		};
		CF633671246D79C600FAC724 /* Release */ = {
			isa = XCBuildConfiguration;
			buildSettings = {
				ALWAYS_SEARCH_USER_PATHS = NO;
				CLANG_ANALYZER_NONNULL = YES;
				CLANG_ANALYZER_NUMBER_OBJECT_CONVERSION = YES_AGGRESSIVE;
				CLANG_CXX_LANGUAGE_STANDARD = "gnu++14";
				CLANG_CXX_LIBRARY = "libc++";
				CLANG_ENABLE_MODULES = YES;
				CLANG_ENABLE_OBJC_ARC = YES;
				CLANG_ENABLE_OBJC_WEAK = YES;
				CLANG_WARN_BLOCK_CAPTURE_AUTORELEASING = YES;
				CLANG_WARN_BOOL_CONVERSION = YES;
				CLANG_WARN_COMMA = YES;
				CLANG_WARN_CONSTANT_CONVERSION = YES;
				CLANG_WARN_DEPRECATED_OBJC_IMPLEMENTATIONS = YES;
				CLANG_WARN_DIRECT_OBJC_ISA_USAGE = YES_ERROR;
				CLANG_WARN_DOCUMENTATION_COMMENTS = YES;
				CLANG_WARN_EMPTY_BODY = YES;
				CLANG_WARN_ENUM_CONVERSION = YES;
				CLANG_WARN_INFINITE_RECURSION = YES;
				CLANG_WARN_INT_CONVERSION = YES;
				CLANG_WARN_NON_LITERAL_NULL_CONVERSION = YES;
				CLANG_WARN_OBJC_IMPLICIT_RETAIN_SELF = YES;
				CLANG_WARN_OBJC_LITERAL_CONVERSION = YES;
				CLANG_WARN_OBJC_ROOT_CLASS = YES_ERROR;
				CLANG_WARN_RANGE_LOOP_ANALYSIS = YES;
				CLANG_WARN_STRICT_PROTOTYPES = YES;
				CLANG_WARN_SUSPICIOUS_MOVE = YES;
				CLANG_WARN_UNGUARDED_AVAILABILITY = YES_AGGRESSIVE;
				CLANG_WARN_UNREACHABLE_CODE = YES;
				CLANG_WARN__DUPLICATE_METHOD_MATCH = YES;
				COPY_PHASE_STRIP = NO;
				DEBUG_INFORMATION_FORMAT = "dwarf-with-dsym";
				ENABLE_NS_ASSERTIONS = NO;
				ENABLE_STRICT_OBJC_MSGSEND = YES;
				GCC_C_LANGUAGE_STANDARD = gnu11;
				GCC_NO_COMMON_BLOCKS = YES;
				GCC_WARN_64_TO_32_BIT_CONVERSION = YES;
				GCC_WARN_ABOUT_RETURN_TYPE = YES_ERROR;
				GCC_WARN_UNDECLARED_SELECTOR = YES;
				GCC_WARN_UNINITIALIZED_AUTOS = YES_AGGRESSIVE;
				GCC_WARN_UNUSED_FUNCTION = YES;
				GCC_WARN_UNUSED_VARIABLE = YES;
				IPHONEOS_DEPLOYMENT_TARGET = 13.2;
				MTL_ENABLE_DEBUG_INFO = NO;
				MTL_FAST_MATH = YES;
				SDKROOT = iphoneos;
				SWIFT_COMPILATION_MODE = wholemodule;
				SWIFT_OPTIMIZATION_LEVEL = "-O";
				VALIDATE_PRODUCT = YES;
			};
			name = Release;
		};
		CF633673246D79C600FAC724 /* Debug */ = {
			isa = XCBuildConfiguration;
			baseConfigurationReference = 545C467D5C95E0B933581B49 /* Pods-WeeLinkPro1.debug.xcconfig */;
			buildSettings = {
				ASSETCATALOG_COMPILER_APPICON_NAME = AppIcon;
				CODE_SIGN_IDENTITY = "Apple Development";
				CODE_SIGN_STYLE = Automatic;
				DEVELOPMENT_TEAM = LPF3349M6Q;
				INFOPLIST_FILE = WeeLinkPro1/Info.plist;
				LD_RUNPATH_SEARCH_PATHS = (
					"$(inherited)",
					"@executable_path/Frameworks",
				);
				PRODUCT_BUNDLE_IDENTIFIER = ThomasLTD.WeeLinkPro1;
				PRODUCT_NAME = "$(TARGET_NAME)";
				PROVISIONING_PROFILE_SPECIFIER = "";
				SWIFT_VERSION = 5.0;
				TARGETED_DEVICE_FAMILY = "1,2";
			};
			name = Debug;
		};
		CF633674246D79C600FAC724 /* Release */ = {
			isa = XCBuildConfiguration;
			baseConfigurationReference = CB746CF6A0A304DB97EAFD71 /* Pods-WeeLinkPro1.release.xcconfig */;
			buildSettings = {
				ASSETCATALOG_COMPILER_APPICON_NAME = AppIcon;
				CODE_SIGN_IDENTITY = "Apple Development";
				CODE_SIGN_STYLE = Automatic;
				DEVELOPMENT_TEAM = LPF3349M6Q;
				INFOPLIST_FILE = WeeLinkPro1/Info.plist;
				LD_RUNPATH_SEARCH_PATHS = (
					"$(inherited)",
					"@executable_path/Frameworks",
				);
				PRODUCT_BUNDLE_IDENTIFIER = ThomasLTD.WeeLinkPro1;
				PRODUCT_NAME = "$(TARGET_NAME)";
				PROVISIONING_PROFILE_SPECIFIER = "";
				SWIFT_VERSION = 5.0;
				TARGETED_DEVICE_FAMILY = "1,2";
			};
			name = Release;
		};
		CF633676246D79C600FAC724 /* Debug */ = {
			isa = XCBuildConfiguration;
			buildSettings = {
				ALWAYS_EMBED_SWIFT_STANDARD_LIBRARIES = YES;
				BUNDLE_LOADER = "$(TEST_HOST)";
				CODE_SIGN_STYLE = Automatic;
				DEVELOPMENT_TEAM = LPF3349M6Q;
				INFOPLIST_FILE = WeeLinkPro1Tests/Info.plist;
				IPHONEOS_DEPLOYMENT_TARGET = 13.2;
				LD_RUNPATH_SEARCH_PATHS = (
					"$(inherited)",
					"@executable_path/Frameworks",
					"@loader_path/Frameworks",
				);
				PRODUCT_BUNDLE_IDENTIFIER = ThomasLTD.WeeLinkPro1Tests;
				PRODUCT_NAME = "$(TARGET_NAME)";
				SWIFT_VERSION = 5.0;
				TARGETED_DEVICE_FAMILY = "1,2";
				TEST_HOST = "$(BUILT_PRODUCTS_DIR)/WeeLinkPro1.app/WeeLinkPro1";
			};
			name = Debug;
		};
		CF633677246D79C600FAC724 /* Release */ = {
			isa = XCBuildConfiguration;
			buildSettings = {
				ALWAYS_EMBED_SWIFT_STANDARD_LIBRARIES = YES;
				BUNDLE_LOADER = "$(TEST_HOST)";
				CODE_SIGN_STYLE = Automatic;
				DEVELOPMENT_TEAM = LPF3349M6Q;
				INFOPLIST_FILE = WeeLinkPro1Tests/Info.plist;
				IPHONEOS_DEPLOYMENT_TARGET = 13.2;
				LD_RUNPATH_SEARCH_PATHS = (
					"$(inherited)",
					"@executable_path/Frameworks",
					"@loader_path/Frameworks",
				);
				PRODUCT_BUNDLE_IDENTIFIER = ThomasLTD.WeeLinkPro1Tests;
				PRODUCT_NAME = "$(TARGET_NAME)";
				SWIFT_VERSION = 5.0;
				TARGETED_DEVICE_FAMILY = "1,2";
				TEST_HOST = "$(BUILT_PRODUCTS_DIR)/WeeLinkPro1.app/WeeLinkPro1";
			};
			name = Release;
		};
		CF633679246D79C600FAC724 /* Debug */ = {
			isa = XCBuildConfiguration;
			buildSettings = {
				ALWAYS_EMBED_SWIFT_STANDARD_LIBRARIES = YES;
				CODE_SIGN_STYLE = Automatic;
				DEVELOPMENT_TEAM = LPF3349M6Q;
				INFOPLIST_FILE = WeeLinkPro1UITests/Info.plist;
				LD_RUNPATH_SEARCH_PATHS = (
					"$(inherited)",
					"@executable_path/Frameworks",
					"@loader_path/Frameworks",
				);
				PRODUCT_BUNDLE_IDENTIFIER = ThomasLTD.WeeLinkPro1UITests;
				PRODUCT_NAME = "$(TARGET_NAME)";
				SWIFT_VERSION = 5.0;
				TARGETED_DEVICE_FAMILY = "1,2";
				TEST_TARGET_NAME = WeeLinkPro1;
			};
			name = Debug;
		};
		CF63367A246D79C600FAC724 /* Release */ = {
			isa = XCBuildConfiguration;
			buildSettings = {
				ALWAYS_EMBED_SWIFT_STANDARD_LIBRARIES = YES;
				CODE_SIGN_STYLE = Automatic;
				DEVELOPMENT_TEAM = LPF3349M6Q;
				INFOPLIST_FILE = WeeLinkPro1UITests/Info.plist;
				LD_RUNPATH_SEARCH_PATHS = (
					"$(inherited)",
					"@executable_path/Frameworks",
					"@loader_path/Frameworks",
				);
				PRODUCT_BUNDLE_IDENTIFIER = ThomasLTD.WeeLinkPro1UITests;
				PRODUCT_NAME = "$(TARGET_NAME)";
				SWIFT_VERSION = 5.0;
				TARGETED_DEVICE_FAMILY = "1,2";
				TEST_TARGET_NAME = WeeLinkPro1;
			};
			name = Release;
		};
/* End XCBuildConfiguration section */

/* Begin XCConfigurationList section */
		CF633643246D79C000FAC724 /* Build configuration list for PBXProject "WeeLinkPro1" */ = {
			isa = XCConfigurationList;
			buildConfigurations = (
				CF633670246D79C600FAC724 /* Debug */,
				CF633671246D79C600FAC724 /* Release */,
			);
			defaultConfigurationIsVisible = 0;
			defaultConfigurationName = Release;
		};
		CF633672246D79C600FAC724 /* Build configuration list for PBXNativeTarget "WeeLinkPro1" */ = {
			isa = XCConfigurationList;
			buildConfigurations = (
				CF633673246D79C600FAC724 /* Debug */,
				CF633674246D79C600FAC724 /* Release */,
			);
			defaultConfigurationIsVisible = 0;
			defaultConfigurationName = Release;
		};
		CF633675246D79C600FAC724 /* Build configuration list for PBXNativeTarget "WeeLinkPro1Tests" */ = {
			isa = XCConfigurationList;
			buildConfigurations = (
				CF633676246D79C600FAC724 /* Debug */,
				CF633677246D79C600FAC724 /* Release */,
			);
			defaultConfigurationIsVisible = 0;
			defaultConfigurationName = Release;
		};
		CF633678246D79C600FAC724 /* Build configuration list for PBXNativeTarget "WeeLinkPro1UITests" */ = {
			isa = XCConfigurationList;
			buildConfigurations = (
				CF633679246D79C600FAC724 /* Debug */,
				CF63367A246D79C600FAC724 /* Release */,
			);
			defaultConfigurationIsVisible = 0;
			defaultConfigurationName = Release;
		};
/* End XCConfigurationList section */
	};
	rootObject = CF633640246D79C000FAC724 /* Project object */;
}
