// !$*UTF8*$!
{
	archiveVersion = 1;
	classes = {
	};
	objectVersion = 50;
	objects = {

/* Begin PBXBuildFile section */
		CB5345E52592E148007C13A9 /* AppDelegate.swift in Sources */ = {isa = PBXBuildFile; fileRef = CB5345E42592E148007C13A9 /* AppDelegate.swift */; };
		CB5345E72592E148007C13A9 /* SceneDelegate.swift in Sources */ = {isa = PBXBuildFile; fileRef = CB5345E62592E148007C13A9 /* SceneDelegate.swift */; };
		CB5345E92592E148007C13A9 /* ViewController.swift in Sources */ = {isa = PBXBuildFile; fileRef = CB5345E82592E148007C13A9 /* ViewController.swift */; };
		CB5345EC2592E148007C13A9 /* Main.storyboard in Resources */ = {isa = PBXBuildFile; fileRef = CB5345EA2592E148007C13A9 /* Main.storyboard */; };
		CB5345EE2592E14B007C13A9 /* Assets.xcassets in Resources */ = {isa = PBXBuildFile; fileRef = CB5345ED2592E14B007C13A9 /* Assets.xcassets */; };
		CB5345F12592E14B007C13A9 /* LaunchScreen.storyboard in Resources */ = {isa = PBXBuildFile; fileRef = CB5345EF2592E14B007C13A9 /* LaunchScreen.storyboard */; };
		CB5345FC2592E14B007C13A9 /* SizeToFitDemoTests.swift in Sources */ = {isa = PBXBuildFile; fileRef = CB5345FB2592E14B007C13A9 /* SizeToFitDemoTests.swift */; };
		CB5346072592E14B007C13A9 /* SizeToFitDemoUITests.swift in Sources */ = {isa = PBXBuildFile; fileRef = CB5346062592E14B007C13A9 /* SizeToFitDemoUITests.swift */; };
/* End PBXBuildFile section */

/* Begin PBXContainerItemProxy section */
		CB5345F82592E14B007C13A9 /* PBXContainerItemProxy */ = {
			isa = PBXContainerItemProxy;
			containerPortal = CB5345D92592E148007C13A9 /* Project object */;
			proxyType = 1;
			remoteGlobalIDString = CB5345E02592E148007C13A9;
			remoteInfo = SizeToFitDemo;
		};
		CB5346032592E14B007C13A9 /* PBXContainerItemProxy */ = {
			isa = PBXContainerItemProxy;
			containerPortal = CB5345D92592E148007C13A9 /* Project object */;
			proxyType = 1;
			remoteGlobalIDString = CB5345E02592E148007C13A9;
			remoteInfo = SizeToFitDemo;
		};
/* End PBXContainerItemProxy section */

/* Begin PBXFileReference section */
		CB5345E12592E148007C13A9 /* SizeToFitDemo.app */ = {isa = PBXFileReference; explicitFileType = wrapper.application; includeInIndex = 0; path = SizeToFitDemo.app; sourceTree = BUILT_PRODUCTS_DIR; };
		CB5345E42592E148007C13A9 /* AppDelegate.swift */ = {isa = PBXFileReference; lastKnownFileType = sourcecode.swift; path = AppDelegate.swift; sourceTree = "<group>"; };
		CB5345E62592E148007C13A9 /* SceneDelegate.swift */ = {isa = PBXFileReference; lastKnownFileType = sourcecode.swift; path = SceneDelegate.swift; sourceTree = "<group>"; };
		CB5345E82592E148007C13A9 /* ViewController.swift */ = {isa = PBXFileReference; lastKnownFileType = sourcecode.swift; path = ViewController.swift; sourceTree = "<group>"; };
		CB5345EB2592E148007C13A9 /* Base */ = {isa = PBXFileReference; lastKnownFileType = file.storyboard; name = Base; path = Base.lproj/Main.storyboard; sourceTree = "<group>"; };
		CB5345ED2592E14B007C13A9 /* Assets.xcassets */ = {isa = PBXFileReference; lastKnownFileType = folder.assetcatalog; path = Assets.xcassets; sourceTree = "<group>"; };
		CB5345F02592E14B007C13A9 /* Base */ = {isa = PBXFileReference; lastKnownFileType = file.storyboard; name = Base; path = Base.lproj/LaunchScreen.storyboard; sourceTree = "<group>"; };
		CB5345F22592E14B007C13A9 /* Info.plist */ = {isa = PBXFileReference; lastKnownFileType = text.plist.xml; path = Info.plist; sourceTree = "<group>"; };
		CB5345F72592E14B007C13A9 /* SizeToFitDemoTests.xctest */ = {isa = PBXFileReference; explicitFileType = wrapper.cfbundle; includeInIndex = 0; path = SizeToFitDemoTests.xctest; sourceTree = BUILT_PRODUCTS_DIR; };
		CB5345FB2592E14B007C13A9 /* SizeToFitDemoTests.swift */ = {isa = PBXFileReference; lastKnownFileType = sourcecode.swift; path = SizeToFitDemoTests.swift; sourceTree = "<group>"; };
		CB5345FD2592E14B007C13A9 /* Info.plist */ = {isa = PBXFileReference; lastKnownFileType = text.plist.xml; path = Info.plist; sourceTree = "<group>"; };
		CB5346022592E14B007C13A9 /* SizeToFitDemoUITests.xctest */ = {isa = PBXFileReference; explicitFileType = wrapper.cfbundle; includeInIndex = 0; path = SizeToFitDemoUITests.xctest; sourceTree = BUILT_PRODUCTS_DIR; };
		CB5346062592E14B007C13A9 /* SizeToFitDemoUITests.swift */ = {isa = PBXFileReference; lastKnownFileType = sourcecode.swift; path = SizeToFitDemoUITests.swift; sourceTree = "<group>"; };
		CB5346082592E14B007C13A9 /* Info.plist */ = {isa = PBXFileReference; lastKnownFileType = text.plist.xml; path = Info.plist; sourceTree = "<group>"; };
/* End PBXFileReference section */

/* Begin PBXFrameworksBuildPhase section */
		CB5345DE2592E148007C13A9 /* Frameworks */ = {
			isa = PBXFrameworksBuildPhase;
			buildActionMask = 2147483647;
			files = (
			);
			runOnlyForDeploymentPostprocessing = 0;
		};
		CB5345F42592E14B007C13A9 /* Frameworks */ = {
			isa = PBXFrameworksBuildPhase;
			buildActionMask = 2147483647;
			files = (
			);
			runOnlyForDeploymentPostprocessing = 0;
		};
		CB5345FF2592E14B007C13A9 /* Frameworks */ = {
			isa = PBXFrameworksBuildPhase;
			buildActionMask = 2147483647;
			files = (
			);
			runOnlyForDeploymentPostprocessing = 0;
		};
/* End PBXFrameworksBuildPhase section */

/* Begin PBXGroup section */
		CB5345D82592E148007C13A9 = {
			isa = PBXGroup;
			children = (
				CB5345E32592E148007C13A9 /* SizeToFitDemo */,
				CB5345FA2592E14B007C13A9 /* SizeToFitDemoTests */,
				CB5346052592E14B007C13A9 /* SizeToFitDemoUITests */,
				CB5345E22592E148007C13A9 /* Products */,
			);
			sourceTree = "<group>";
		};
		CB5345E22592E148007C13A9 /* Products */ = {
			isa = PBXGroup;
			children = (
				CB5345E12592E148007C13A9 /* SizeToFitDemo.app */,
				CB5345F72592E14B007C13A9 /* SizeToFitDemoTests.xctest */,
				CB5346022592E14B007C13A9 /* SizeToFitDemoUITests.xctest */,
			);
			name = Products;
			sourceTree = "<group>";
		};
		CB5345E32592E148007C13A9 /* SizeToFitDemo */ = {
			isa = PBXGroup;
			children = (
				CB5345E42592E148007C13A9 /* AppDelegate.swift */,
				CB5345E62592E148007C13A9 /* SceneDelegate.swift */,
				CB5345E82592E148007C13A9 /* ViewController.swift */,
				CB5345EA2592E148007C13A9 /* Main.storyboard */,
				CB5345ED2592E14B007C13A9 /* Assets.xcassets */,
				CB5345EF2592E14B007C13A9 /* LaunchScreen.storyboard */,
				CB5345F22592E14B007C13A9 /* Info.plist */,
			);
			path = SizeToFitDemo;
			sourceTree = "<group>";
		};
		CB5345FA2592E14B007C13A9 /* SizeToFitDemoTests */ = {
			isa = PBXGroup;
			children = (
				CB5345FB2592E14B007C13A9 /* SizeToFitDemoTests.swift */,
				CB5345FD2592E14B007C13A9 /* Info.plist */,
			);
			path = SizeToFitDemoTests;
			sourceTree = "<group>";
		};
		CB5346052592E14B007C13A9 /* SizeToFitDemoUITests */ = {
			isa = PBXGroup;
			children = (
				CB5346062592E14B007C13A9 /* SizeToFitDemoUITests.swift */,
				CB5346082592E14B007C13A9 /* Info.plist */,
			);
			path = SizeToFitDemoUITests;
			sourceTree = "<group>";
		};
/* End PBXGroup section */

/* Begin PBXNativeTarget section */
		CB5345E02592E148007C13A9 /* SizeToFitDemo */ = {
			isa = PBXNativeTarget;
			buildConfigurationList = CB53460B2592E14B007C13A9 /* Build configuration list for PBXNativeTarget "SizeToFitDemo" */;
			buildPhases = (
				CB5345DD2592E148007C13A9 /* Sources */,
				CB5345DE2592E148007C13A9 /* Frameworks */,
				CB5345DF2592E148007C13A9 /* Resources */,
			);
			buildRules = (
			);
			dependencies = (
			);
			name = SizeToFitDemo;
			productName = SizeToFitDemo;
			productReference = CB5345E12592E148007C13A9 /* SizeToFitDemo.app */;
			productType = "com.apple.product-type.application";
		};
		CB5345F62592E14B007C13A9 /* SizeToFitDemoTests */ = {
			isa = PBXNativeTarget;
			buildConfigurationList = CB53460E2592E14B007C13A9 /* Build configuration list for PBXNativeTarget "SizeToFitDemoTests" */;
			buildPhases = (
				CB5345F32592E14B007C13A9 /* Sources */,
				CB5345F42592E14B007C13A9 /* Frameworks */,
				CB5345F52592E14B007C13A9 /* Resources */,
			);
			buildRules = (
			);
			dependencies = (
				CB5345F92592E14B007C13A9 /* PBXTargetDependency */,
			);
			name = SizeToFitDemoTests;
			productName = SizeToFitDemoTests;
			productReference = CB5345F72592E14B007C13A9 /* SizeToFitDemoTests.xctest */;
			productType = "com.apple.product-type.bundle.unit-test";
		};
		CB5346012592E14B007C13A9 /* SizeToFitDemoUITests */ = {
			isa = PBXNativeTarget;
			buildConfigurationList = CB5346112592E14B007C13A9 /* Build configuration list for PBXNativeTarget "SizeToFitDemoUITests" */;
			buildPhases = (
				CB5345FE2592E14B007C13A9 /* Sources */,
				CB5345FF2592E14B007C13A9 /* Frameworks */,
				CB5346002592E14B007C13A9 /* Resources */,
			);
			buildRules = (
			);
			dependencies = (
				CB5346042592E14B007C13A9 /* PBXTargetDependency */,
			);
			name = SizeToFitDemoUITests;
			productName = SizeToFitDemoUITests;
			productReference = CB5346022592E14B007C13A9 /* SizeToFitDemoUITests.xctest */;
			productType = "com.apple.product-type.bundle.ui-testing";
		};
/* End PBXNativeTarget section */

/* Begin PBXProject section */
		CB5345D92592E148007C13A9 /* Project object */ = {
			isa = PBXProject;
			attributes = {
				LastSwiftUpdateCheck = 1230;
				LastUpgradeCheck = 1230;
				TargetAttributes = {
					CB5345E02592E148007C13A9 = {
						CreatedOnToolsVersion = 12.3;
					};
					CB5345F62592E14B007C13A9 = {
						CreatedOnToolsVersion = 12.3;
						TestTargetID = CB5345E02592E148007C13A9;
					};
					CB5346012592E14B007C13A9 = {
						CreatedOnToolsVersion = 12.3;
						TestTargetID = CB5345E02592E148007C13A9;
					};
				};
			};
			buildConfigurationList = CB5345DC2592E148007C13A9 /* Build configuration list for PBXProject "SizeToFitDemo" */;
			compatibilityVersion = "Xcode 9.3";
			developmentRegion = en;
			hasScannedForEncodings = 0;
			knownRegions = (
				en,
				Base,
			);
			mainGroup = CB5345D82592E148007C13A9;
			productRefGroup = CB5345E22592E148007C13A9 /* Products */;
			projectDirPath = "";
			projectRoot = "";
			targets = (
				CB5345E02592E148007C13A9 /* SizeToFitDemo */,
				CB5345F62592E14B007C13A9 /* SizeToFitDemoTests */,
				CB5346012592E14B007C13A9 /* SizeToFitDemoUITests */,
			);
		};
/* End PBXProject section */

/* Begin PBXResourcesBuildPhase section */
		CB5345DF2592E148007C13A9 /* Resources */ = {
			isa = PBXResourcesBuildPhase;
			buildActionMask = 2147483647;
			files = (
				CB5345F12592E14B007C13A9 /* LaunchScreen.storyboard in Resources */,
				CB5345EE2592E14B007C13A9 /* Assets.xcassets in Resources */,
				CB5345EC2592E148007C13A9 /* Main.storyboard in Resources */,
			);
			runOnlyForDeploymentPostprocessing = 0;
		};
		CB5345F52592E14B007C13A9 /* Resources */ = {
			isa = PBXResourcesBuildPhase;
			buildActionMask = 2147483647;
			files = (
			);
			runOnlyForDeploymentPostprocessing = 0;
		};
		CB5346002592E14B007C13A9 /* Resources */ = {
			isa = PBXResourcesBuildPhase;
			buildActionMask = 2147483647;
			files = (
			);
			runOnlyForDeploymentPostprocessing = 0;
		};
/* End PBXResourcesBuildPhase section */

/* Begin PBXSourcesBuildPhase section */
		CB5345DD2592E148007C13A9 /* Sources */ = {
			isa = PBXSourcesBuildPhase;
			buildActionMask = 2147483647;
			files = (
				CB5345E92592E148007C13A9 /* ViewController.swift in Sources */,
				CB5345E52592E148007C13A9 /* AppDelegate.swift in Sources */,
				CB5345E72592E148007C13A9 /* SceneDelegate.swift in Sources */,
			);
			runOnlyForDeploymentPostprocessing = 0;
		};
		CB5345F32592E14B007C13A9 /* Sources */ = {
			isa = PBXSourcesBuildPhase;
			buildActionMask = 2147483647;
			files = (
				CB5345FC2592E14B007C13A9 /* SizeToFitDemoTests.swift in Sources */,
			);
			runOnlyForDeploymentPostprocessing = 0;
		};
		CB5345FE2592E14B007C13A9 /* Sources */ = {
			isa = PBXSourcesBuildPhase;
			buildActionMask = 2147483647;
			files = (
				CB5346072592E14B007C13A9 /* SizeToFitDemoUITests.swift in Sources */,
			);
			runOnlyForDeploymentPostprocessing = 0;
		};
/* End PBXSourcesBuildPhase section */

/* Begin PBXTargetDependency section */
		CB5345F92592E14B007C13A9 /* PBXTargetDependency */ = {
			isa = PBXTargetDependency;
			target = CB5345E02592E148007C13A9 /* SizeToFitDemo */;
			targetProxy = CB5345F82592E14B007C13A9 /* PBXContainerItemProxy */;
		};
		CB5346042592E14B007C13A9 /* PBXTargetDependency */ = {
			isa = PBXTargetDependency;
			target = CB5345E02592E148007C13A9 /* SizeToFitDemo */;
			targetProxy = CB5346032592E14B007C13A9 /* PBXContainerItemProxy */;
		};
/* End PBXTargetDependency section */

/* Begin PBXVariantGroup section */
		CB5345EA2592E148007C13A9 /* Main.storyboard */ = {
			isa = PBXVariantGroup;
			children = (
				CB5345EB2592E148007C13A9 /* Base */,
			);
			name = Main.storyboard;
			sourceTree = "<group>";
		};
		CB5345EF2592E14B007C13A9 /* LaunchScreen.storyboard */ = {
			isa = PBXVariantGroup;
			children = (
				CB5345F02592E14B007C13A9 /* Base */,
			);
			name = LaunchScreen.storyboard;
			sourceTree = "<group>";
		};
/* End PBXVariantGroup section */

/* Begin XCBuildConfiguration section */
		CB5346092592E14B007C13A9 /* Debug */ = {
			isa = XCBuildConfiguration;
			buildSettings = {
				ALWAYS_SEARCH_USER_PATHS = NO;
				CLANG_ANALYZER_NONNULL = YES;
				CLANG_ANALYZER_NUMBER_OBJECT_CONVERSION = YES_AGGRESSIVE;
				CLANG_CXX_LANGUAGE_STANDARD = "gnu++14";
				CLANG_CXX_LIBRARY = "libc++";
				CLANG_ENABLE_MODULES = YES;
				CLANG_ENABLE_OBJC_ARC = YES;
				CLANG_ENABLE_OBJC_WEAK = YES;
				CLANG_WARN_BLOCK_CAPTURE_AUTORELEASING = YES;
				CLANG_WARN_BOOL_CONVERSION = YES;
				CLANG_WARN_COMMA = YES;
				CLANG_WARN_CONSTANT_CONVERSION = YES;
				CLANG_WARN_DEPRECATED_OBJC_IMPLEMENTATIONS = YES;
				CLANG_WARN_DIRECT_OBJC_ISA_USAGE = YES_ERROR;
				CLANG_WARN_DOCUMENTATION_COMMENTS = YES;
				CLANG_WARN_EMPTY_BODY = YES;
				CLANG_WARN_ENUM_CONVERSION = YES;
				CLANG_WARN_INFINITE_RECURSION = YES;
				CLANG_WARN_INT_CONVERSION = YES;
				CLANG_WARN_NON_LITERAL_NULL_CONVERSION = YES;
				CLANG_WARN_OBJC_IMPLICIT_RETAIN_SELF = YES;
				CLANG_WARN_OBJC_LITERAL_CONVERSION = YES;
				CLANG_WARN_OBJC_ROOT_CLASS = YES_ERROR;
				CLANG_WARN_QUOTED_INCLUDE_IN_FRAMEWORK_HEADER = YES;
				CLANG_WARN_RANGE_LOOP_ANALYSIS = YES;
				CLANG_WARN_STRICT_PROTOTYPES = YES;
				CLANG_WARN_SUSPICIOUS_MOVE = YES;
				CLANG_WARN_UNGUARDED_AVAILABILITY = YES_AGGRESSIVE;
				CLANG_WARN_UNREACHABLE_CODE = YES;
				CLANG_WARN__DUPLICATE_METHOD_MATCH = YES;
				COPY_PHASE_STRIP = NO;
				DEBUG_INFORMATION_FORMAT = dwarf;
				ENABLE_STRICT_OBJC_MSGSEND = YES;
				ENABLE_TESTABILITY = YES;
				GCC_C_LANGUAGE_STANDARD = gnu11;
				GCC_DYNAMIC_NO_PIC = NO;
				GCC_NO_COMMON_BLOCKS = YES;
				GCC_OPTIMIZATION_LEVEL = 0;
				GCC_PREPROCESSOR_DEFINITIONS = (
					"DEBUG=1",
					"$(inherited)",
				);
				GCC_WARN_64_TO_32_BIT_CONVERSION = YES;
				GCC_WARN_ABOUT_RETURN_TYPE = YES_ERROR;
				GCC_WARN_UNDECLARED_SELECTOR = YES;
				GCC_WARN_UNINITIALIZED_AUTOS = YES_AGGRESSIVE;
				GCC_WARN_UNUSED_FUNCTION = YES;
				GCC_WARN_UNUSED_VARIABLE = YES;
				IPHONEOS_DEPLOYMENT_TARGET = 14.3;
				MTL_ENABLE_DEBUG_INFO = INCLUDE_SOURCE;
				MTL_FAST_MATH = YES;
				ONLY_ACTIVE_ARCH = YES;
				SDKROOT = iphoneos;
				SWIFT_ACTIVE_COMPILATION_CONDITIONS = DEBUG;
				SWIFT_OPTIMIZATION_LEVEL = "-Onone";
			};
			name = Debug;
		};
		CB53460A2592E14B007C13A9 /* Release */ = {
			isa = XCBuildConfiguration;
			buildSettings = {
				ALWAYS_SEARCH_USER_PATHS = NO;
				CLANG_ANALYZER_NONNULL = YES;
				CLANG_ANALYZER_NUMBER_OBJECT_CONVERSION = YES_AGGRESSIVE;
				CLANG_CXX_LANGUAGE_STANDARD = "gnu++14";
				CLANG_CXX_LIBRARY = "libc++";
				CLANG_ENABLE_MODULES = YES;
				CLANG_ENABLE_OBJC_ARC = YES;
				CLANG_ENABLE_OBJC_WEAK = YES;
				CLANG_WARN_BLOCK_CAPTURE_AUTORELEASING = YES;
				CLANG_WARN_BOOL_CONVERSION = YES;
				CLANG_WARN_COMMA = YES;
				CLANG_WARN_CONSTANT_CONVERSION = YES;
				CLANG_WARN_DEPRECATED_OBJC_IMPLEMENTATIONS = YES;
				CLANG_WARN_DIRECT_OBJC_ISA_USAGE = YES_ERROR;
				CLANG_WARN_DOCUMENTATION_COMMENTS = YES;
				CLANG_WARN_EMPTY_BODY = YES;
				CLANG_WARN_ENUM_CONVERSION = YES;
				CLANG_WARN_INFINITE_RECURSION = YES;
				CLANG_WARN_INT_CONVERSION = YES;
				CLANG_WARN_NON_LITERAL_NULL_CONVERSION = YES;
				CLANG_WARN_OBJC_IMPLICIT_RETAIN_SELF = YES;
				CLANG_WARN_OBJC_LITERAL_CONVERSION = YES;
				CLANG_WARN_OBJC_ROOT_CLASS = YES_ERROR;
				CLANG_WARN_QUOTED_INCLUDE_IN_FRAMEWORK_HEADER = YES;
				CLANG_WARN_RANGE_LOOP_ANALYSIS = YES;
				CLANG_WARN_STRICT_PROTOTYPES = YES;
				CLANG_WARN_SUSPICIOUS_MOVE = YES;
				CLANG_WARN_UNGUARDED_AVAILABILITY = YES_AGGRESSIVE;
				CLANG_WARN_UNREACHABLE_CODE = YES;
				CLANG_WARN__DUPLICATE_METHOD_MATCH = YES;
				COPY_PHASE_STRIP = NO;
				DEBUG_INFORMATION_FORMAT = "dwarf-with-dsym";
				ENABLE_NS_ASSERTIONS = NO;
				ENABLE_STRICT_OBJC_MSGSEND = YES;
				GCC_C_LANGUAGE_STANDARD = gnu11;
				GCC_NO_COMMON_BLOCKS = YES;
				GCC_WARN_64_TO_32_BIT_CONVERSION = YES;
				GCC_WARN_ABOUT_RETURN_TYPE = YES_ERROR;
				GCC_WARN_UNDECLARED_SELECTOR = YES;
				GCC_WARN_UNINITIALIZED_AUTOS = YES_AGGRESSIVE;
				GCC_WARN_UNUSED_FUNCTION = YES;
				GCC_WARN_UNUSED_VARIABLE = YES;
				IPHONEOS_DEPLOYMENT_TARGET = 14.3;
				MTL_ENABLE_DEBUG_INFO = NO;
				MTL_FAST_MATH = YES;
				SDKROOT = iphoneos;
				SWIFT_COMPILATION_MODE = wholemodule;
				SWIFT_OPTIMIZATION_LEVEL = "-O";
				VALIDATE_PRODUCT = YES;
			};
			name = Release;
		};
		CB53460C2592E14B007C13A9 /* Debug */ = {
			isa = XCBuildConfiguration;
			buildSettings = {
				ASSETCATALOG_COMPILER_APPICON_NAME = AppIcon;
				ASSETCATALOG_COMPILER_GLOBAL_ACCENT_COLOR_NAME = AccentColor;
				CODE_SIGN_STYLE = Automatic;
				DEVELOPMENT_TEAM = LPF3349M6Q;
				INFOPLIST_FILE = SizeToFitDemo/Info.plist;
				LD_RUNPATH_SEARCH_PATHS = (
					"$(inherited)",
					"@executable_path/Frameworks",
				);
				PRODUCT_BUNDLE_IDENTIFIER = com.lazada.SizeToFitDemo;
				PRODUCT_NAME = "$(TARGET_NAME)";
				SWIFT_VERSION = 5.0;
				TARGETED_DEVICE_FAMILY = "1,2";
			};
			name = Debug;
		};
		CB53460D2592E14B007C13A9 /* Release */ = {
			isa = XCBuildConfiguration;
			buildSettings = {
				ASSETCATALOG_COMPILER_APPICON_NAME = AppIcon;
				ASSETCATALOG_COMPILER_GLOBAL_ACCENT_COLOR_NAME = AccentColor;
				CODE_SIGN_STYLE = Automatic;
				DEVELOPMENT_TEAM = LPF3349M6Q;
				INFOPLIST_FILE = SizeToFitDemo/Info.plist;
				LD_RUNPATH_SEARCH_PATHS = (
					"$(inherited)",
					"@executable_path/Frameworks",
				);
				PRODUCT_BUNDLE_IDENTIFIER = com.lazada.SizeToFitDemo;
				PRODUCT_NAME = "$(TARGET_NAME)";
				SWIFT_VERSION = 5.0;
				TARGETED_DEVICE_FAMILY = "1,2";
			};
			name = Release;
		};
		CB53460F2592E14B007C13A9 /* Debug */ = {
			isa = XCBuildConfiguration;
			buildSettings = {
				ALWAYS_EMBED_SWIFT_STANDARD_LIBRARIES = YES;
				BUNDLE_LOADER = "$(TEST_HOST)";
				CODE_SIGN_STYLE = Automatic;
				DEVELOPMENT_TEAM = LPF3349M6Q;
				INFOPLIST_FILE = SizeToFitDemoTests/Info.plist;
				IPHONEOS_DEPLOYMENT_TARGET = 14.3;
				LD_RUNPATH_SEARCH_PATHS = (
					"$(inherited)",
					"@executable_path/Frameworks",
					"@loader_path/Frameworks",
				);
				PRODUCT_BUNDLE_IDENTIFIER = com.lazada.SizeToFitDemoTests;
				PRODUCT_NAME = "$(TARGET_NAME)";
				SWIFT_VERSION = 5.0;
				TARGETED_DEVICE_FAMILY = "1,2";
				TEST_HOST = "$(BUILT_PRODUCTS_DIR)/SizeToFitDemo.app/SizeToFitDemo";
			};
			name = Debug;
		};
		CB5346102592E14B007C13A9 /* Release */ = {
			isa = XCBuildConfiguration;
			buildSettings = {
				ALWAYS_EMBED_SWIFT_STANDARD_LIBRARIES = YES;
				BUNDLE_LOADER = "$(TEST_HOST)";
				CODE_SIGN_STYLE = Automatic;
				DEVELOPMENT_TEAM = LPF3349M6Q;
				INFOPLIST_FILE = SizeToFitDemoTests/Info.plist;
				IPHONEOS_DEPLOYMENT_TARGET = 14.3;
				LD_RUNPATH_SEARCH_PATHS = (
					"$(inherited)",
					"@executable_path/Frameworks",
					"@loader_path/Frameworks",
				);
				PRODUCT_BUNDLE_IDENTIFIER = com.lazada.SizeToFitDemoTests;
				PRODUCT_NAME = "$(TARGET_NAME)";
				SWIFT_VERSION = 5.0;
				TARGETED_DEVICE_FAMILY = "1,2";
				TEST_HOST = "$(BUILT_PRODUCTS_DIR)/SizeToFitDemo.app/SizeToFitDemo";
			};
			name = Release;
		};
		CB5346122592E14B007C13A9 /* Debug */ = {
			isa = XCBuildConfiguration;
			buildSettings = {
				ALWAYS_EMBED_SWIFT_STANDARD_LIBRARIES = YES;
				CODE_SIGN_STYLE = Automatic;
				DEVELOPMENT_TEAM = LPF3349M6Q;
				INFOPLIST_FILE = SizeToFitDemoUITests/Info.plist;
				LD_RUNPATH_SEARCH_PATHS = (
					"$(inherited)",
					"@executable_path/Frameworks",
					"@loader_path/Frameworks",
				);
				PRODUCT_BUNDLE_IDENTIFIER = com.lazada.SizeToFitDemoUITests;
				PRODUCT_NAME = "$(TARGET_NAME)";
				SWIFT_VERSION = 5.0;
				TARGETED_DEVICE_FAMILY = "1,2";
				TEST_TARGET_NAME = SizeToFitDemo;
			};
			name = Debug;
		};
		CB5346132592E14B007C13A9 /* Release */ = {
			isa = XCBuildConfiguration;
			buildSettings = {
				ALWAYS_EMBED_SWIFT_STANDARD_LIBRARIES = YES;
				CODE_SIGN_STYLE = Automatic;
				DEVELOPMENT_TEAM = LPF3349M6Q;
				INFOPLIST_FILE = SizeToFitDemoUITests/Info.plist;
				LD_RUNPATH_SEARCH_PATHS = (
					"$(inherited)",
					"@executable_path/Frameworks",
					"@loader_path/Frameworks",
				);
				PRODUCT_BUNDLE_IDENTIFIER = com.lazada.SizeToFitDemoUITests;
				PRODUCT_NAME = "$(TARGET_NAME)";
				SWIFT_VERSION = 5.0;
				TARGETED_DEVICE_FAMILY = "1,2";
				TEST_TARGET_NAME = SizeToFitDemo;
			};
			name = Release;
		};
/* End XCBuildConfiguration section */

/* Begin XCConfigurationList section */
		CB5345DC2592E148007C13A9 /* Build configuration list for PBXProject "SizeToFitDemo" */ = {
			isa = XCConfigurationList;
			buildConfigurations = (
				CB5346092592E14B007C13A9 /* Debug */,
				CB53460A2592E14B007C13A9 /* Release */,
			);
			defaultConfigurationIsVisible = 0;
			defaultConfigurationName = Release;
		};
		CB53460B2592E14B007C13A9 /* Build configuration list for PBXNativeTarget "SizeToFitDemo" */ = {
			isa = XCConfigurationList;
			buildConfigurations = (
				CB53460C2592E14B007C13A9 /* Debug */,
				CB53460D2592E14B007C13A9 /* Release */,
			);
			defaultConfigurationIsVisible = 0;
			defaultConfigurationName = Release;
		};
		CB53460E2592E14B007C13A9 /* Build configuration list for PBXNativeTarget "SizeToFitDemoTests" */ = {
			isa = XCConfigurationList;
			buildConfigurations = (
				CB53460F2592E14B007C13A9 /* Debug */,
				CB5346102592E14B007C13A9 /* Release */,
			);
			defaultConfigurationIsVisible = 0;
			defaultConfigurationName = Release;
		};
		CB5346112592E14B007C13A9 /* Build configuration list for PBXNativeTarget "SizeToFitDemoUITests" */ = {
			isa = XCConfigurationList;
			buildConfigurations = (
				CB5346122592E14B007C13A9 /* Debug */,
				CB5346132592E14B007C13A9 /* Release */,
			);
			defaultConfigurationIsVisible = 0;
			defaultConfigurationName = Release;
		};
/* End XCConfigurationList section */
	};
	rootObject = CB5345D92592E148007C13A9 /* Project object */;
}
