// !$*UTF8*$!
{
	archiveVersion = 1;
	classes = {
	};
	objectVersion = 50;
	objects = {

/* Begin PBXBuildFile section */
		CB3B9723269ED1B1001C8EE7 /* AppDelegate.swift in Sources */ = {isa = PBXBuildFile; fileRef = CB3B9722269ED1B1001C8EE7 /* AppDelegate.swift */; };
		CB3B9725269ED1B1001C8EE7 /* SceneDelegate.swift in Sources */ = {isa = PBXBuildFile; fileRef = CB3B9724269ED1B1001C8EE7 /* SceneDelegate.swift */; };
		CB3B9727269ED1B1001C8EE7 /* ViewController.swift in Sources */ = {isa = PBXBuildFile; fileRef = CB3B9726269ED1B1001C8EE7 /* ViewController.swift */; };
		CB3B972A269ED1B1001C8EE7 /* Main.storyboard in Resources */ = {isa = PBXBuildFile; fileRef = CB3B9728269ED1B1001C8EE7 /* Main.storyboard */; };
		CB3B972C269ED1B3001C8EE7 /* Assets.xcassets in Resources */ = {isa = PBXBuildFile; fileRef = CB3B972B269ED1B3001C8EE7 /* Assets.xcassets */; };
		CB3B972F269ED1B3001C8EE7 /* LaunchScreen.storyboard in Resources */ = {isa = PBXBuildFile; fileRef = CB3B972D269ED1B3001C8EE7 /* LaunchScreen.storyboard */; };
/* End PBXBuildFile section */

/* Begin PBXFileReference section */
		CB3B971F269ED1B1001C8EE7 /* CalculateUILabelHeightDemo.app */ = {isa = PBXFileReference; explicitFileType = wrapper.application; includeInIndex = 0; path = CalculateUILabelHeightDemo.app; sourceTree = BUILT_PRODUCTS_DIR; };
		CB3B9722269ED1B1001C8EE7 /* AppDelegate.swift */ = {isa = PBXFileReference; lastKnownFileType = sourcecode.swift; path = AppDelegate.swift; sourceTree = "<group>"; };
		CB3B9724269ED1B1001C8EE7 /* SceneDelegate.swift */ = {isa = PBXFileReference; lastKnownFileType = sourcecode.swift; path = SceneDelegate.swift; sourceTree = "<group>"; };
		CB3B9726269ED1B1001C8EE7 /* ViewController.swift */ = {isa = PBXFileReference; lastKnownFileType = sourcecode.swift; path = ViewController.swift; sourceTree = "<group>"; };
		CB3B9729269ED1B1001C8EE7 /* Base */ = {isa = PBXFileReference; lastKnownFileType = file.storyboard; name = Base; path = Base.lproj/Main.storyboard; sourceTree = "<group>"; };
		CB3B972B269ED1B3001C8EE7 /* Assets.xcassets */ = {isa = PBXFileReference; lastKnownFileType = folder.assetcatalog; path = Assets.xcassets; sourceTree = "<group>"; };
		CB3B972E269ED1B3001C8EE7 /* Base */ = {isa = PBXFileReference; lastKnownFileType = file.storyboard; name = Base; path = Base.lproj/LaunchScreen.storyboard; sourceTree = "<group>"; };
		CB3B9730269ED1B3001C8EE7 /* Info.plist */ = {isa = PBXFileReference; lastKnownFileType = text.plist.xml; path = Info.plist; sourceTree = "<group>"; };
/* End PBXFileReference section */

/* Begin PBXFrameworksBuildPhase section */
		CB3B971C269ED1B1001C8EE7 /* Frameworks */ = {
			isa = PBXFrameworksBuildPhase;
			buildActionMask = 2147483647;
			files = (
			);
			runOnlyForDeploymentPostprocessing = 0;
		};
/* End PBXFrameworksBuildPhase section */

/* Begin PBXGroup section */
		CB3B9716269ED1B1001C8EE7 = {
			isa = PBXGroup;
			children = (
				CB3B9721269ED1B1001C8EE7 /* CalculateUILabelHeightDemo */,
				CB3B9720269ED1B1001C8EE7 /* Products */,
			);
			sourceTree = "<group>";
		};
		CB3B9720269ED1B1001C8EE7 /* Products */ = {
			isa = PBXGroup;
			children = (
				CB3B971F269ED1B1001C8EE7 /* CalculateUILabelHeightDemo.app */,
			);
			name = Products;
			sourceTree = "<group>";
		};
		CB3B9721269ED1B1001C8EE7 /* CalculateUILabelHeightDemo */ = {
			isa = PBXGroup;
			children = (
				CB3B9722269ED1B1001C8EE7 /* AppDelegate.swift */,
				CB3B9724269ED1B1001C8EE7 /* SceneDelegate.swift */,
				CB3B9726269ED1B1001C8EE7 /* ViewController.swift */,
				CB3B9728269ED1B1001C8EE7 /* Main.storyboard */,
				CB3B972B269ED1B3001C8EE7 /* Assets.xcassets */,
				CB3B972D269ED1B3001C8EE7 /* LaunchScreen.storyboard */,
				CB3B9730269ED1B3001C8EE7 /* Info.plist */,
			);
			path = CalculateUILabelHeightDemo;
			sourceTree = "<group>";
		};
/* End PBXGroup section */

/* Begin PBXNativeTarget section */
		CB3B971E269ED1B1001C8EE7 /* CalculateUILabelHeightDemo */ = {
			isa = PBXNativeTarget;
			buildConfigurationList = CB3B9733269ED1B3001C8EE7 /* Build configuration list for PBXNativeTarget "CalculateUILabelHeightDemo" */;
			buildPhases = (
				CB3B971B269ED1B1001C8EE7 /* Sources */,
				CB3B971C269ED1B1001C8EE7 /* Frameworks */,
				CB3B971D269ED1B1001C8EE7 /* Resources */,
			);
			buildRules = (
			);
			dependencies = (
			);
			name = CalculateUILabelHeightDemo;
			productName = CalculateUILabelHeightDemo;
			productReference = CB3B971F269ED1B1001C8EE7 /* CalculateUILabelHeightDemo.app */;
			productType = "com.apple.product-type.application";
		};
/* End PBXNativeTarget section */

/* Begin PBXProject section */
		CB3B9717269ED1B1001C8EE7 /* Project object */ = {
			isa = PBXProject;
			attributes = {
				LastSwiftUpdateCheck = 1240;
				LastUpgradeCheck = 1240;
				TargetAttributes = {
					CB3B971E269ED1B1001C8EE7 = {
						CreatedOnToolsVersion = 12.4;
					};
				};
			};
			buildConfigurationList = CB3B971A269ED1B1001C8EE7 /* Build configuration list for PBXProject "CalculateUILabelHeightDemo" */;
			compatibilityVersion = "Xcode 9.3";
			developmentRegion = en;
			hasScannedForEncodings = 0;
			knownRegions = (
				en,
				Base,
			);
			mainGroup = CB3B9716269ED1B1001C8EE7;
			productRefGroup = CB3B9720269ED1B1001C8EE7 /* Products */;
			projectDirPath = "";
			projectRoot = "";
			targets = (
				CB3B971E269ED1B1001C8EE7 /* CalculateUILabelHeightDemo */,
			);
		};
/* End PBXProject section */

/* Begin PBXResourcesBuildPhase section */
		CB3B971D269ED1B1001C8EE7 /* Resources */ = {
			isa = PBXResourcesBuildPhase;
			buildActionMask = 2147483647;
			files = (
				CB3B972F269ED1B3001C8EE7 /* LaunchScreen.storyboard in Resources */,
				CB3B972C269ED1B3001C8EE7 /* Assets.xcassets in Resources */,
				CB3B972A269ED1B1001C8EE7 /* Main.storyboard in Resources */,
			);
			runOnlyForDeploymentPostprocessing = 0;
		};
/* End PBXResourcesBuildPhase section */

/* Begin PBXSourcesBuildPhase section */
		CB3B971B269ED1B1001C8EE7 /* Sources */ = {
			isa = PBXSourcesBuildPhase;
			buildActionMask = 2147483647;
			files = (
				CB3B9727269ED1B1001C8EE7 /* ViewController.swift in Sources */,
				CB3B9723269ED1B1001C8EE7 /* AppDelegate.swift in Sources */,
				CB3B9725269ED1B1001C8EE7 /* SceneDelegate.swift in Sources */,
			);
			runOnlyForDeploymentPostprocessing = 0;
		};
/* End PBXSourcesBuildPhase section */

/* Begin PBXVariantGroup section */
		CB3B9728269ED1B1001C8EE7 /* Main.storyboard */ = {
			isa = PBXVariantGroup;
			children = (
				CB3B9729269ED1B1001C8EE7 /* Base */,
			);
			name = Main.storyboard;
			sourceTree = "<group>";
		};
		CB3B972D269ED1B3001C8EE7 /* LaunchScreen.storyboard */ = {
			isa = PBXVariantGroup;
			children = (
				CB3B972E269ED1B3001C8EE7 /* Base */,
			);
			name = LaunchScreen.storyboard;
			sourceTree = "<group>";
		};
/* End PBXVariantGroup section */

/* Begin XCBuildConfiguration section */
		CB3B9731269ED1B3001C8EE7 /* Debug */ = {
			isa = XCBuildConfiguration;
			buildSettings = {
				ALWAYS_SEARCH_USER_PATHS = NO;
				CLANG_ANALYZER_NONNULL = YES;
				CLANG_ANALYZER_NUMBER_OBJECT_CONVERSION = YES_AGGRESSIVE;
				CLANG_CXX_LANGUAGE_STANDARD = "gnu++14";
				CLANG_CXX_LIBRARY = "libc++";
				CLANG_ENABLE_MODULES = YES;
				CLANG_ENABLE_OBJC_ARC = YES;
				CLANG_ENABLE_OBJC_WEAK = YES;
				CLANG_WARN_BLOCK_CAPTURE_AUTORELEASING = YES;
				CLANG_WARN_BOOL_CONVERSION = YES;
				CLANG_WARN_COMMA = YES;
				CLANG_WARN_CONSTANT_CONVERSION = YES;
				CLANG_WARN_DEPRECATED_OBJC_IMPLEMENTATIONS = YES;
				CLANG_WARN_DIRECT_OBJC_ISA_USAGE = YES_ERROR;
				CLANG_WARN_DOCUMENTATION_COMMENTS = YES;
				CLANG_WARN_EMPTY_BODY = YES;
				CLANG_WARN_ENUM_CONVERSION = YES;
				CLANG_WARN_INFINITE_RECURSION = YES;
				CLANG_WARN_INT_CONVERSION = YES;
				CLANG_WARN_NON_LITERAL_NULL_CONVERSION = YES;
				CLANG_WARN_OBJC_IMPLICIT_RETAIN_SELF = YES;
				CLANG_WARN_OBJC_LITERAL_CONVERSION = YES;
				CLANG_WARN_OBJC_ROOT_CLASS = YES_ERROR;
				CLANG_WARN_QUOTED_INCLUDE_IN_FRAMEWORK_HEADER = YES;
				CLANG_WARN_RANGE_LOOP_ANALYSIS = YES;
				CLANG_WARN_STRICT_PROTOTYPES = YES;
				CLANG_WARN_SUSPICIOUS_MOVE = YES;
				CLANG_WARN_UNGUARDED_AVAILABILITY = YES_AGGRESSIVE;
				CLANG_WARN_UNREACHABLE_CODE = YES;
				CLANG_WARN__DUPLICATE_METHOD_MATCH = YES;
				COPY_PHASE_STRIP = NO;
				DEBUG_INFORMATION_FORMAT = dwarf;
				ENABLE_STRICT_OBJC_MSGSEND = YES;
				ENABLE_TESTABILITY = YES;
				GCC_C_LANGUAGE_STANDARD = gnu11;
				GCC_DYNAMIC_NO_PIC = NO;
				GCC_NO_COMMON_BLOCKS = YES;
				GCC_OPTIMIZATION_LEVEL = 0;
				GCC_PREPROCESSOR_DEFINITIONS = (
					"DEBUG=1",
					"$(inherited)",
				);
				GCC_WARN_64_TO_32_BIT_CONVERSION = YES;
				GCC_WARN_ABOUT_RETURN_TYPE = YES_ERROR;
				GCC_WARN_UNDECLARED_SELECTOR = YES;
				GCC_WARN_UNINITIALIZED_AUTOS = YES_AGGRESSIVE;
				GCC_WARN_UNUSED_FUNCTION = YES;
				GCC_WARN_UNUSED_VARIABLE = YES;
				IPHONEOS_DEPLOYMENT_TARGET = 14.4;
				MTL_ENABLE_DEBUG_INFO = INCLUDE_SOURCE;
				MTL_FAST_MATH = YES;
				ONLY_ACTIVE_ARCH = YES;
				SDKROOT = iphoneos;
				SWIFT_ACTIVE_COMPILATION_CONDITIONS = DEBUG;
				SWIFT_OPTIMIZATION_LEVEL = "-Onone";
			};
			name = Debug;
		};
		CB3B9732269ED1B3001C8EE7 /* Release */ = {
			isa = XCBuildConfiguration;
			buildSettings = {
				ALWAYS_SEARCH_USER_PATHS = NO;
				CLANG_ANALYZER_NONNULL = YES;
				CLANG_ANALYZER_NUMBER_OBJECT_CONVERSION = YES_AGGRESSIVE;
				CLANG_CXX_LANGUAGE_STANDARD = "gnu++14";
				CLANG_CXX_LIBRARY = "libc++";
				CLANG_ENABLE_MODULES = YES;
				CLANG_ENABLE_OBJC_ARC = YES;
				CLANG_ENABLE_OBJC_WEAK = YES;
				CLANG_WARN_BLOCK_CAPTURE_AUTORELEASING = YES;
				CLANG_WARN_BOOL_CONVERSION = YES;
				CLANG_WARN_COMMA = YES;
				CLANG_WARN_CONSTANT_CONVERSION = YES;
				CLANG_WARN_DEPRECATED_OBJC_IMPLEMENTATIONS = YES;
				CLANG_WARN_DIRECT_OBJC_ISA_USAGE = YES_ERROR;
				CLANG_WARN_DOCUMENTATION_COMMENTS = YES;
				CLANG_WARN_EMPTY_BODY = YES;
				CLANG_WARN_ENUM_CONVERSION = YES;
				CLANG_WARN_INFINITE_RECURSION = YES;
				CLANG_WARN_INT_CONVERSION = YES;
				CLANG_WARN_NON_LITERAL_NULL_CONVERSION = YES;
				CLANG_WARN_OBJC_IMPLICIT_RETAIN_SELF = YES;
				CLANG_WARN_OBJC_LITERAL_CONVERSION = YES;
				CLANG_WARN_OBJC_ROOT_CLASS = YES_ERROR;
				CLANG_WARN_QUOTED_INCLUDE_IN_FRAMEWORK_HEADER = YES;
				CLANG_WARN_RANGE_LOOP_ANALYSIS = YES;
				CLANG_WARN_STRICT_PROTOTYPES = YES;
				CLANG_WARN_SUSPICIOUS_MOVE = YES;
				CLANG_WARN_UNGUARDED_AVAILABILITY = YES_AGGRESSIVE;
				CLANG_WARN_UNREACHABLE_CODE = YES;
				CLANG_WARN__DUPLICATE_METHOD_MATCH = YES;
				COPY_PHASE_STRIP = NO;
				DEBUG_INFORMATION_FORMAT = "dwarf-with-dsym";
				ENABLE_NS_ASSERTIONS = NO;
				ENABLE_STRICT_OBJC_MSGSEND = YES;
				GCC_C_LANGUAGE_STANDARD = gnu11;
				GCC_NO_COMMON_BLOCKS = YES;
				GCC_WARN_64_TO_32_BIT_CONVERSION = YES;
				GCC_WARN_ABOUT_RETURN_TYPE = YES_ERROR;
				GCC_WARN_UNDECLARED_SELECTOR = YES;
				GCC_WARN_UNINITIALIZED_AUTOS = YES_AGGRESSIVE;
				GCC_WARN_UNUSED_FUNCTION = YES;
				GCC_WARN_UNUSED_VARIABLE = YES;
				IPHONEOS_DEPLOYMENT_TARGET = 14.4;
				MTL_ENABLE_DEBUG_INFO = NO;
				MTL_FAST_MATH = YES;
				SDKROOT = iphoneos;
				SWIFT_COMPILATION_MODE = wholemodule;
				SWIFT_OPTIMIZATION_LEVEL = "-O";
				VALIDATE_PRODUCT = YES;
			};
			name = Release;
		};
		CB3B9734269ED1B3001C8EE7 /* Debug */ = {
			isa = XCBuildConfiguration;
			buildSettings = {
				ASSETCATALOG_COMPILER_APPICON_NAME = AppIcon;
				ASSETCATALOG_COMPILER_GLOBAL_ACCENT_COLOR_NAME = AccentColor;
				CODE_SIGN_STYLE = Automatic;
				DEVELOPMENT_TEAM = MQ5J9PJ626;
				INFOPLIST_FILE = CalculateUILabelHeightDemo/Info.plist;
				LD_RUNPATH_SEARCH_PATHS = (
					"$(inherited)",
					"@executable_path/Frameworks",
				);
				PRODUCT_BUNDLE_IDENTIFIER = com.lazada.CalculateUILabelHeightDemo;
				PRODUCT_NAME = "$(TARGET_NAME)";
				SWIFT_VERSION = 5.0;
				TARGETED_DEVICE_FAMILY = "1,2";
			};
			name = Debug;
		};
		CB3B9735269ED1B3001C8EE7 /* Release */ = {
			isa = XCBuildConfiguration;
			buildSettings = {
				ASSETCATALOG_COMPILER_APPICON_NAME = AppIcon;
				ASSETCATALOG_COMPILER_GLOBAL_ACCENT_COLOR_NAME = AccentColor;
				CODE_SIGN_STYLE = Automatic;
				DEVELOPMENT_TEAM = MQ5J9PJ626;
				INFOPLIST_FILE = CalculateUILabelHeightDemo/Info.plist;
				LD_RUNPATH_SEARCH_PATHS = (
					"$(inherited)",
					"@executable_path/Frameworks",
				);
				PRODUCT_BUNDLE_IDENTIFIER = com.lazada.CalculateUILabelHeightDemo;
				PRODUCT_NAME = "$(TARGET_NAME)";
				SWIFT_VERSION = 5.0;
				TARGETED_DEVICE_FAMILY = "1,2";
			};
			name = Release;
		};
/* End XCBuildConfiguration section */

/* Begin XCConfigurationList section */
		CB3B971A269ED1B1001C8EE7 /* Build configuration list for PBXProject "CalculateUILabelHeightDemo" */ = {
			isa = XCConfigurationList;
			buildConfigurations = (
				CB3B9731269ED1B3001C8EE7 /* Debug */,
				CB3B9732269ED1B3001C8EE7 /* Release */,
			);
			defaultConfigurationIsVisible = 0;
			defaultConfigurationName = Release;
		};
		CB3B9733269ED1B3001C8EE7 /* Build configuration list for PBXNativeTarget "CalculateUILabelHeightDemo" */ = {
			isa = XCConfigurationList;
			buildConfigurations = (
				CB3B9734269ED1B3001C8EE7 /* Debug */,
				CB3B9735269ED1B3001C8EE7 /* Release */,
			);
			defaultConfigurationIsVisible = 0;
			defaultConfigurationName = Release;
		};
/* End XCConfigurationList section */
	};
	rootObject = CB3B9717269ED1B1001C8EE7 /* Project object */;
}
